// !$*UTF8*$!
{
	archiveVersion = 1;
	classes = {
	};
	objectVersion = 50;
	objects = {

/* Begin PBXBuildFile section */
		0262BFAD21E746E400893413 /* SwiftAsyncUDPSocket.swift in Sources */ = {isa = PBXBuildFile; fileRef = 0262BFAC21E746E400893413 /* SwiftAsyncUDPSocket.swift */; };
		0262BFAE21E746E400893413 /* SwiftAsyncUDPSocket.swift in Sources */ = {isa = PBXBuildFile; fileRef = 0262BFAC21E746E400893413 /* SwiftAsyncUDPSocket.swift */; };
		0262BFB121E7481600893413 /* SwiftAsyncUDPSendPacket.swift in Sources */ = {isa = PBXBuildFile; fileRef = 0262BFB021E7481600893413 /* SwiftAsyncUDPSendPacket.swift */; };
		0262BFB221E7481600893413 /* SwiftAsyncUDPSendPacket.swift in Sources */ = {isa = PBXBuildFile; fileRef = 0262BFB021E7481600893413 /* SwiftAsyncUDPSendPacket.swift */; };
		0262BFB421E7752200893413 /* SwiftAsyncUDPSpecialPacket.swift in Sources */ = {isa = PBXBuildFile; fileRef = 0262BFB321E7752200893413 /* SwiftAsyncUDPSpecialPacket.swift */; };
		0262BFB521E7752200893413 /* SwiftAsyncUDPSpecialPacket.swift in Sources */ = {isa = PBXBuildFile; fileRef = 0262BFB321E7752200893413 /* SwiftAsyncUDPSpecialPacket.swift */; };
		0262BFB721E7791000893413 /* SwiftAsyncUDPPacket.swift in Sources */ = {isa = PBXBuildFile; fileRef = 0262BFB621E7791000893413 /* SwiftAsyncUDPPacket.swift */; };
		0262BFB821E7791000893413 /* SwiftAsyncUDPPacket.swift in Sources */ = {isa = PBXBuildFile; fileRef = 0262BFB621E7791000893413 /* SwiftAsyncUDPPacket.swift */; };
		0262BFBB21E77A2500893413 /* SwiftAsyncUdpSocketFlags.swift in Sources */ = {isa = PBXBuildFile; fileRef = 0262BFBA21E77A2500893413 /* SwiftAsyncUdpSocketFlags.swift */; };
		0262BFBC21E77A2500893413 /* SwiftAsyncUdpSocketFlags.swift in Sources */ = {isa = PBXBuildFile; fileRef = 0262BFBA21E77A2500893413 /* SwiftAsyncUdpSocketFlags.swift */; };
		0262BFBE21E7806400893413 /* SwiftAsyncUdpSocketConfig.swift in Sources */ = {isa = PBXBuildFile; fileRef = 0262BFBD21E7806400893413 /* SwiftAsyncUdpSocketConfig.swift */; };
		0262BFBF21E7806400893413 /* SwiftAsyncUdpSocketConfig.swift in Sources */ = {isa = PBXBuildFile; fileRef = 0262BFBD21E7806400893413 /* SwiftAsyncUdpSocketConfig.swift */; };
		0262BFC121E7816600893413 /* SwiftAsyncUDPSocketDelegate.swift in Sources */ = {isa = PBXBuildFile; fileRef = 0262BFC021E7816600893413 /* SwiftAsyncUDPSocketDelegate.swift */; };
		0262BFC221E7816600893413 /* SwiftAsyncUDPSocketDelegate.swift in Sources */ = {isa = PBXBuildFile; fileRef = 0262BFC021E7816600893413 /* SwiftAsyncUDPSocketDelegate.swift */; };
		0262BFCB21E834DD00893413 /* SwiftAsyncUDPSocketReceiveFilter.swift in Sources */ = {isa = PBXBuildFile; fileRef = 0262BFCA21E834DD00893413 /* SwiftAsyncUDPSocketReceiveFilter.swift */; };
		0262BFCC21E834DD00893413 /* SwiftAsyncUDPSocketReceiveFilter.swift in Sources */ = {isa = PBXBuildFile; fileRef = 0262BFCA21E834DD00893413 /* SwiftAsyncUDPSocketReceiveFilter.swift */; };
		0262BFCE21E8363000893413 /* SwiftAsyncUDPSocketFilter.swift in Sources */ = {isa = PBXBuildFile; fileRef = 0262BFCD21E8363000893413 /* SwiftAsyncUDPSocketFilter.swift */; };
		0262BFCF21E8363000893413 /* SwiftAsyncUDPSocketFilter.swift in Sources */ = {isa = PBXBuildFile; fileRef = 0262BFCD21E8363000893413 /* SwiftAsyncUDPSocketFilter.swift */; };
		0262BFD121E8391D00893413 /* SwiftAsyncUDPSocketSendFilter.swift in Sources */ = {isa = PBXBuildFile; fileRef = 0262BFD021E8391D00893413 /* SwiftAsyncUDPSocketSendFilter.swift */; };
		0262BFD221E8391D00893413 /* SwiftAsyncUDPSocketSendFilter.swift in Sources */ = {isa = PBXBuildFile; fileRef = 0262BFD021E8391D00893413 /* SwiftAsyncUDPSocketSendFilter.swift */; };
		0262BFD921E8403A00893413 /* SwiftAsyncUDPSocketAddress.swift in Sources */ = {isa = PBXBuildFile; fileRef = 0262BFD821E8403A00893413 /* SwiftAsyncUDPSocketAddress.swift */; };
		0262BFDA21E8403A00893413 /* SwiftAsyncUDPSocketAddress.swift in Sources */ = {isa = PBXBuildFile; fileRef = 0262BFD821E8403A00893413 /* SwiftAsyncUDPSocketAddress.swift */; };
		0262BFDD21E866E600893413 /* SwiftAsyncUDPSocket+Source.swift in Sources */ = {isa = PBXBuildFile; fileRef = 0262BFDC21E866E600893413 /* SwiftAsyncUDPSocket+Source.swift */; };
		0262BFE121E8747D00893413 /* SwiftAsyncUDPSocket+Configuration.swift in Sources */ = {isa = PBXBuildFile; fileRef = 0262BFE021E8747D00893413 /* SwiftAsyncUDPSocket+Configuration.swift */; };
		0262BFE221E8747D00893413 /* SwiftAsyncUDPSocket+Configuration.swift in Sources */ = {isa = PBXBuildFile; fileRef = 0262BFE021E8747D00893413 /* SwiftAsyncUDPSocket+Configuration.swift */; };
		0262BFE721EB4D8900893413 /* SwiftAsyncUDPSocket+Utilities.swift in Sources */ = {isa = PBXBuildFile; fileRef = 0262BFE621EB4D8900893413 /* SwiftAsyncUDPSocket+Utilities.swift */; };
		0262BFE921EC733B00893413 /* SocketDataType.swift in Sources */ = {isa = PBXBuildFile; fileRef = 0262BFE821EC733B00893413 /* SocketDataType.swift */; };
		0262BFEA21EC733B00893413 /* SocketDataType.swift in Sources */ = {isa = PBXBuildFile; fileRef = 0262BFE821EC733B00893413 /* SocketDataType.swift */; };
		0262BFF121ED77E900893413 /* SwiftAsyncUDPSocket+Sending.swift in Sources */ = {isa = PBXBuildFile; fileRef = 0262BFF021ED77E900893413 /* SwiftAsyncUDPSocket+Sending.swift */; };
		0262BFF221ED77E900893413 /* SwiftAsyncUDPSocket+Sending.swift in Sources */ = {isa = PBXBuildFile; fileRef = 0262BFF021ED77E900893413 /* SwiftAsyncUDPSocket+Sending.swift */; };
		0262BFF521ED8C2F00893413 /* SwiftAsyncUDPSocket+Closing.swift in Sources */ = {isa = PBXBuildFile; fileRef = 0262BFF421ED8C2F00893413 /* SwiftAsyncUDPSocket+Closing.swift */; };
		0262BFF621ED8C2F00893413 /* SwiftAsyncUDPSocket+Closing.swift in Sources */ = {isa = PBXBuildFile; fileRef = 0262BFF421ED8C2F00893413 /* SwiftAsyncUDPSocket+Closing.swift */; };
		0262BFFD21EDB7A500893413 /* SwiftAsyncUDPSocket+Connecting.swift in Sources */ = {isa = PBXBuildFile; fileRef = 0262BFFC21EDB7A500893413 /* SwiftAsyncUDPSocket+Connecting.swift */; };
		0262BFFE21EDB7A500893413 /* SwiftAsyncUDPSocket+Connecting.swift in Sources */ = {isa = PBXBuildFile; fileRef = 0262BFFC21EDB7A500893413 /* SwiftAsyncUDPSocket+Connecting.swift */; };
		0262C00121EDE22300893413 /* SwiftAsyncUDPSocket+Receiving.swift in Sources */ = {isa = PBXBuildFile; fileRef = 0262C00021EDE22300893413 /* SwiftAsyncUDPSocket+Receiving.swift */; };
		0262C00221EDE22300893413 /* SwiftAsyncUDPSocket+Receiving.swift in Sources */ = {isa = PBXBuildFile; fileRef = 0262C00021EDE22300893413 /* SwiftAsyncUDPSocket+Receiving.swift */; };
		027517B321EF250F009E945C /* SwiftAsyncUDPSocket+Notify.swift in Sources */ = {isa = PBXBuildFile; fileRef = 027517B221EF250F009E945C /* SwiftAsyncUDPSocket+Notify.swift */; };
		027517B421EF250F009E945C /* SwiftAsyncUDPSocket+Notify.swift in Sources */ = {isa = PBXBuildFile; fileRef = 027517B221EF250F009E945C /* SwiftAsyncUDPSocket+Notify.swift */; };
		027517B921EF3B79009E945C /* SwiftAsyncUDPSocket+Diagnostics.swift in Sources */ = {isa = PBXBuildFile; fileRef = 027517B821EF3B79009E945C /* SwiftAsyncUDPSocket+Diagnostics.swift */; };
		027517BA21EF3B79009E945C /* SwiftAsyncUDPSocket+Diagnostics.swift in Sources */ = {isa = PBXBuildFile; fileRef = 027517B821EF3B79009E945C /* SwiftAsyncUDPSocket+Diagnostics.swift */; };
		027517BD21EF5DDC009E945C /* SwiftAsyncUDPSocket+Binding.swift in Sources */ = {isa = PBXBuildFile; fileRef = 027517BC21EF5DDC009E945C /* SwiftAsyncUDPSocket+Binding.swift */; };
		027517BE21EF5DDC009E945C /* SwiftAsyncUDPSocket+Binding.swift in Sources */ = {isa = PBXBuildFile; fileRef = 027517BC21EF5DDC009E945C /* SwiftAsyncUDPSocket+Binding.swift */; };
		02C635C621E613240078257D /* SwiftAsyncSocket.framework in Frameworks */ = {isa = PBXBuildFile; fileRef = 02C6352921E60D3F0078257D /* SwiftAsyncSocket.framework */; };
		02C635D521E613A60078257D /* SwiftAsyncSocket.framework in Frameworks */ = {isa = PBXBuildFile; fileRef = 02C635A121E612230078257D /* SwiftAsyncSocket.framework */; };
		02C6361721E614520078257D /* SwiftAsyncThread.swift in Sources */ = {isa = PBXBuildFile; fileRef = 02C635DD21E614510078257D /* SwiftAsyncThread.swift */; };
		02C6361821E614520078257D /* SwiftAsyncThread.swift in Sources */ = {isa = PBXBuildFile; fileRef = 02C635DD21E614510078257D /* SwiftAsyncThread.swift */; };
		02C6361921E614520078257D /* Data.swift in Sources */ = {isa = PBXBuildFile; fileRef = 02C635DF21E614510078257D /* Data.swift */; };
		02C6361A21E614520078257D /* Data.swift in Sources */ = {isa = PBXBuildFile; fileRef = 02C635DF21E614510078257D /* Data.swift */; };
		02C6361B21E614520078257D /* OptionSetExtension.swift in Sources */ = {isa = PBXBuildFile; fileRef = 02C635E021E614510078257D /* OptionSetExtension.swift */; };
		02C6361C21E614520078257D /* OptionSetExtension.swift in Sources */ = {isa = PBXBuildFile; fileRef = 02C635E021E614510078257D /* OptionSetExtension.swift */; };
		02C6361D21E614520078257D /* String.swift in Sources */ = {isa = PBXBuildFile; fileRef = 02C635E121E614510078257D /* String.swift */; };
		02C6361E21E614520078257D /* String.swift in Sources */ = {isa = PBXBuildFile; fileRef = 02C635E121E614510078257D /* String.swift */; };
		02C6362121E614520078257D /* SwiftAsyncSocketPreBuffer.swift in Sources */ = {isa = PBXBuildFile; fileRef = 02C635E421E614510078257D /* SwiftAsyncSocketPreBuffer.swift */; };
		02C6362221E614520078257D /* SwiftAsyncSocketPreBuffer.swift in Sources */ = {isa = PBXBuildFile; fileRef = 02C635E421E614510078257D /* SwiftAsyncSocketPreBuffer.swift */; };
		02C6362321E614520078257D /* SwiftAsyncSocketBuffer.swift in Sources */ = {isa = PBXBuildFile; fileRef = 02C635E521E614510078257D /* SwiftAsyncSocketBuffer.swift */; };
		02C6362421E614520078257D /* SwiftAsyncSocketBuffer.swift in Sources */ = {isa = PBXBuildFile; fileRef = 02C635E521E614510078257D /* SwiftAsyncSocketBuffer.swift */; };
		02C6362521E614520078257D /* SocketAddrProtocol.swift in Sources */ = {isa = PBXBuildFile; fileRef = 02C635E821E614510078257D /* SocketAddrProtocol.swift */; };
		02C6362621E614520078257D /* SocketAddrProtocol.swift in Sources */ = {isa = PBXBuildFile; fileRef = 02C635E821E614510078257D /* SocketAddrProtocol.swift */; };
		02C6362721E614520078257D /* SockAddrExtension.swift in Sources */ = {isa = PBXBuildFile; fileRef = 02C635E921E614510078257D /* SockAddrExtension.swift */; };
		02C6362821E614520078257D /* SockAddrExtension.swift in Sources */ = {isa = PBXBuildFile; fileRef = 02C635E921E614510078257D /* SockAddrExtension.swift */; };
		02C6362921E614520078257D /* SockDataHelper.swift in Sources */ = {isa = PBXBuildFile; fileRef = 02C635EA21E614510078257D /* SockDataHelper.swift */; };
		02C6362A21E614520078257D /* SockDataHelper.swift in Sources */ = {isa = PBXBuildFile; fileRef = 02C635EA21E614510078257D /* SockDataHelper.swift */; };
		02C6362B21E614520078257D /* SwiftAsyncSocketConfig.swift in Sources */ = {isa = PBXBuildFile; fileRef = 02C635EB21E614510078257D /* SwiftAsyncSocketConfig.swift */; };
		02C6362C21E614520078257D /* SwiftAsyncSocketConfig.swift in Sources */ = {isa = PBXBuildFile; fileRef = 02C635EB21E614510078257D /* SwiftAsyncSocketConfig.swift */; };
		02C6362D21E614520078257D /* SwiftAsyncSocketDelegate.swift in Sources */ = {isa = PBXBuildFile; fileRef = 02C635EC21E614510078257D /* SwiftAsyncSocketDelegate.swift */; };
		02C6362E21E614520078257D /* SwiftAsyncSocketDelegate.swift in Sources */ = {isa = PBXBuildFile; fileRef = 02C635EC21E614510078257D /* SwiftAsyncSocketDelegate.swift */; };
		02C6362F21E614520078257D /* SwiftAsyncSocket+ReadData.swift in Sources */ = {isa = PBXBuildFile; fileRef = 02C635EF21E614510078257D /* SwiftAsyncSocket+ReadData.swift */; };
		02C6363021E614520078257D /* SwiftAsyncSocket+ReadData.swift in Sources */ = {isa = PBXBuildFile; fileRef = 02C635EF21E614510078257D /* SwiftAsyncSocket+ReadData.swift */; };
		02C6363121E614520078257D /* SwiftAsyncSocket+Reading.swift in Sources */ = {isa = PBXBuildFile; fileRef = 02C635F021E614510078257D /* SwiftAsyncSocket+Reading.swift */; };
		02C6363221E614520078257D /* SwiftAsyncSocket+Reading.swift in Sources */ = {isa = PBXBuildFile; fileRef = 02C635F021E614510078257D /* SwiftAsyncSocket+Reading.swift */; };
		02C6363321E614520078257D /* SwiftAsyncSocket+ReadingData.swift in Sources */ = {isa = PBXBuildFile; fileRef = 02C635F121E614510078257D /* SwiftAsyncSocket+ReadingData.swift */; };
		02C6363421E614520078257D /* SwiftAsyncSocket+ReadingData.swift in Sources */ = {isa = PBXBuildFile; fileRef = 02C635F121E614510078257D /* SwiftAsyncSocket+ReadingData.swift */; };
		02C6363521E614520078257D /* SwiftAsyncSocket+ReadingDataPrivate.swift in Sources */ = {isa = PBXBuildFile; fileRef = 02C635F221E614510078257D /* SwiftAsyncSocket+ReadingDataPrivate.swift */; };
		02C6363621E614520078257D /* SwiftAsyncSocket+ReadingDataPrivate.swift in Sources */ = {isa = PBXBuildFile; fileRef = 02C635F221E614510078257D /* SwiftAsyncSocket+ReadingDataPrivate.swift */; };
		02C6363721E614520078257D /* SwiftAsyncSocket+Close.swift in Sources */ = {isa = PBXBuildFile; fileRef = 02C635F421E614510078257D /* SwiftAsyncSocket+Close.swift */; };
		02C6363821E614520078257D /* SwiftAsyncSocket+Close.swift in Sources */ = {isa = PBXBuildFile; fileRef = 02C635F421E614510078257D /* SwiftAsyncSocket+Close.swift */; };
		02C6363921E614520078257D /* SwiftAsyncSocket+SSL.swift in Sources */ = {isa = PBXBuildFile; fileRef = 02C635F621E614510078257D /* SwiftAsyncSocket+SSL.swift */; };
		02C6363A21E614520078257D /* SwiftAsyncSocket+SSL.swift in Sources */ = {isa = PBXBuildFile; fileRef = 02C635F621E614510078257D /* SwiftAsyncSocket+SSL.swift */; };
		02C6363B21E614520078257D /* SwiftAsyncSocket+Security.swift in Sources */ = {isa = PBXBuildFile; fileRef = 02C635F721E614510078257D /* SwiftAsyncSocket+Security.swift */; };
		02C6363C21E614520078257D /* SwiftAsyncSocket+Security.swift in Sources */ = {isa = PBXBuildFile; fileRef = 02C635F721E614510078257D /* SwiftAsyncSocket+Security.swift */; };
		02C6363D21E614520078257D /* SwiftAsyncSocket+SecurityViaSecureTransport.swift in Sources */ = {isa = PBXBuildFile; fileRef = 02C635F821E614510078257D /* SwiftAsyncSocket+SecurityViaSecureTransport.swift */; };
		02C6363E21E614520078257D /* SwiftAsyncSocket+SecurityViaSecureTransport.swift in Sources */ = {isa = PBXBuildFile; fileRef = 02C635F821E614510078257D /* SwiftAsyncSocket+SecurityViaSecureTransport.swift */; };
		02C6363F21E614520078257D /* SwiftAsyncSocket+UtilitiesGetInterface.swift in Sources */ = {isa = PBXBuildFile; fileRef = 02C635FA21E614510078257D /* SwiftAsyncSocket+UtilitiesGetInterface.swift */; };
		02C6364021E614520078257D /* SwiftAsyncSocket+UtilitiesGetInterface.swift in Sources */ = {isa = PBXBuildFile; fileRef = 02C635FA21E614510078257D /* SwiftAsyncSocket+UtilitiesGetInterface.swift */; };
		02C6364121E614520078257D /* SwiftAsyncSocket+Utilities.swift in Sources */ = {isa = PBXBuildFile; fileRef = 02C635FB21E614510078257D /* SwiftAsyncSocket+Utilities.swift */; };
		02C6364221E614520078257D /* SwiftAsyncSocket+Utilities.swift in Sources */ = {isa = PBXBuildFile; fileRef = 02C635FB21E614510078257D /* SwiftAsyncSocket+Utilities.swift */; };
		02C6364321E614520078257D /* SwiftAsyncSocket+CFStream.swift in Sources */ = {isa = PBXBuildFile; fileRef = 02C635FC21E614510078257D /* SwiftAsyncSocket+CFStream.swift */; };
		02C6364421E614520078257D /* SwiftAsyncSocket+CFStream.swift in Sources */ = {isa = PBXBuildFile; fileRef = 02C635FC21E614510078257D /* SwiftAsyncSocket+CFStream.swift */; };
		02C6364521E614520078257D /* SwiftAsyncSocket+Connecting.swift in Sources */ = {isa = PBXBuildFile; fileRef = 02C635FE21E614510078257D /* SwiftAsyncSocket+Connecting.swift */; };
		02C6364621E614520078257D /* SwiftAsyncSocket+Connecting.swift in Sources */ = {isa = PBXBuildFile; fileRef = 02C635FE21E614510078257D /* SwiftAsyncSocket+Connecting.swift */; };
		02C6364721E614520078257D /* SwiftAsyncSocket+LookUp.swift in Sources */ = {isa = PBXBuildFile; fileRef = 02C635FF21E614510078257D /* SwiftAsyncSocket+LookUp.swift */; };
		02C6364821E614520078257D /* SwiftAsyncSocket+LookUp.swift in Sources */ = {isa = PBXBuildFile; fileRef = 02C635FF21E614510078257D /* SwiftAsyncSocket+LookUp.swift */; };
		02C6364921E614520078257D /* SwiftAsyncSocket+PreConnect.swift in Sources */ = {isa = PBXBuildFile; fileRef = 02C6360021E614510078257D /* SwiftAsyncSocket+PreConnect.swift */; };
		02C6364A21E614520078257D /* SwiftAsyncSocket+PreConnect.swift in Sources */ = {isa = PBXBuildFile; fileRef = 02C6360021E614510078257D /* SwiftAsyncSocket+PreConnect.swift */; };
		02C6364B21E614520078257D /* SwiftAsyncSocket+Sock.swift in Sources */ = {isa = PBXBuildFile; fileRef = 02C6360121E614510078257D /* SwiftAsyncSocket+Sock.swift */; };
		02C6364C21E614520078257D /* SwiftAsyncSocket+Sock.swift in Sources */ = {isa = PBXBuildFile; fileRef = 02C6360121E614510078257D /* SwiftAsyncSocket+Sock.swift */; };
		02C6364D21E614520078257D /* SwiftAsyncSocket+Advanced.swift in Sources */ = {isa = PBXBuildFile; fileRef = 02C6360321E614520078257D /* SwiftAsyncSocket+Advanced.swift */; };
		02C6364E21E614520078257D /* SwiftAsyncSocket+Advanced.swift in Sources */ = {isa = PBXBuildFile; fileRef = 02C6360321E614520078257D /* SwiftAsyncSocket+Advanced.swift */; };
		02C6364F21E614520078257D /* SwiftAsyncSocket+WriteData.swift in Sources */ = {isa = PBXBuildFile; fileRef = 02C6360421E614520078257D /* SwiftAsyncSocket+WriteData.swift */; };
		02C6365021E614520078257D /* SwiftAsyncSocket+WriteData.swift in Sources */ = {isa = PBXBuildFile; fileRef = 02C6360421E614520078257D /* SwiftAsyncSocket+WriteData.swift */; };
		02C6365121E614520078257D /* SwiftAsyncSocket+SecurityFunc.swift in Sources */ = {isa = PBXBuildFile; fileRef = 02C6360521E614520078257D /* SwiftAsyncSocket+SecurityFunc.swift */; };
		02C6365221E614520078257D /* SwiftAsyncSocket+SecurityFunc.swift in Sources */ = {isa = PBXBuildFile; fileRef = 02C6360521E614520078257D /* SwiftAsyncSocket+SecurityFunc.swift */; };
		02C6365321E614520078257D /* SwiftAsyncSocket+Accepting.swift in Sources */ = {isa = PBXBuildFile; fileRef = 02C6360621E614520078257D /* SwiftAsyncSocket+Accepting.swift */; };
		02C6365421E614520078257D /* SwiftAsyncSocket+Accepting.swift in Sources */ = {isa = PBXBuildFile; fileRef = 02C6360621E614520078257D /* SwiftAsyncSocket+Accepting.swift */; };
		02C6365521E614520078257D /* SwiftAsyncSocket+OtherVars.swift in Sources */ = {isa = PBXBuildFile; fileRef = 02C6360721E614520078257D /* SwiftAsyncSocket+OtherVars.swift */; };
		02C6365621E614520078257D /* SwiftAsyncSocket+OtherVars.swift in Sources */ = {isa = PBXBuildFile; fileRef = 02C6360721E614520078257D /* SwiftAsyncSocket+OtherVars.swift */; };
		02C6365721E614520078257D /* SwiftAsyncSocket+ClassUtilities.swift in Sources */ = {isa = PBXBuildFile; fileRef = 02C6360821E614520078257D /* SwiftAsyncSocket+ClassUtilities.swift */; };
		02C6365821E614520078257D /* SwiftAsyncSocket+ClassUtilities.swift in Sources */ = {isa = PBXBuildFile; fileRef = 02C6360821E614520078257D /* SwiftAsyncSocket+ClassUtilities.swift */; };
		02C6365921E614520078257D /* SwiftAsyncSocket+Connect.swift in Sources */ = {isa = PBXBuildFile; fileRef = 02C6360921E614520078257D /* SwiftAsyncSocket+Connect.swift */; };
		02C6365A21E614520078257D /* SwiftAsyncSocket+Connect.swift in Sources */ = {isa = PBXBuildFile; fileRef = 02C6360921E614520078257D /* SwiftAsyncSocket+Connect.swift */; };
		02C6365B21E614520078257D /* SwiftAsyncSocket+Writing.swift in Sources */ = {isa = PBXBuildFile; fileRef = 02C6360B21E614520078257D /* SwiftAsyncSocket+Writing.swift */; };
		02C6365C21E614520078257D /* SwiftAsyncSocket+Writing.swift in Sources */ = {isa = PBXBuildFile; fileRef = 02C6360B21E614520078257D /* SwiftAsyncSocket+Writing.swift */; };
		02C6365D21E614520078257D /* SwiftAsyncSocket+WritingData.swift in Sources */ = {isa = PBXBuildFile; fileRef = 02C6360C21E614520078257D /* SwiftAsyncSocket+WritingData.swift */; };
		02C6365E21E614520078257D /* SwiftAsyncSocket+WritingData.swift in Sources */ = {isa = PBXBuildFile; fileRef = 02C6360C21E614520078257D /* SwiftAsyncSocket+WritingData.swift */; };
		02C6365F21E614520078257D /* SwiftAsyncSocketFlags.swift in Sources */ = {isa = PBXBuildFile; fileRef = 02C6360D21E614520078257D /* SwiftAsyncSocketFlags.swift */; };
		02C6366021E614520078257D /* SwiftAsyncSocketFlags.swift in Sources */ = {isa = PBXBuildFile; fileRef = 02C6360D21E614520078257D /* SwiftAsyncSocketFlags.swift */; };
		02C6366121E614520078257D /* SwiftAsyncSocketError.swift in Sources */ = {isa = PBXBuildFile; fileRef = 02C6360E21E614520078257D /* SwiftAsyncSocketError.swift */; };
		02C6366221E614520078257D /* SwiftAsyncSocketError.swift in Sources */ = {isa = PBXBuildFile; fileRef = 02C6360E21E614520078257D /* SwiftAsyncSocketError.swift */; };
		02C6366321E614520078257D /* SwiftAsyncSocket.swift in Sources */ = {isa = PBXBuildFile; fileRef = 02C6360F21E614520078257D /* SwiftAsyncSocket.swift */; };
		02C6366421E614520078257D /* SwiftAsyncSocket.swift in Sources */ = {isa = PBXBuildFile; fileRef = 02C6360F21E614520078257D /* SwiftAsyncSocket.swift */; };
		02C6366721E614520078257D /* SwiftAsyncReadPacket.swift in Sources */ = {isa = PBXBuildFile; fileRef = 02C6361321E614520078257D /* SwiftAsyncReadPacket.swift */; };
		02C6366821E614520078257D /* SwiftAsyncReadPacket.swift in Sources */ = {isa = PBXBuildFile; fileRef = 02C6361321E614520078257D /* SwiftAsyncReadPacket.swift */; };
		02C6366921E614520078257D /* SwiftAsyncSpecialPacket.swift in Sources */ = {isa = PBXBuildFile; fileRef = 02C6361421E614520078257D /* SwiftAsyncSpecialPacket.swift */; };
		02C6366A21E614520078257D /* SwiftAsyncSpecialPacket.swift in Sources */ = {isa = PBXBuildFile; fileRef = 02C6361421E614520078257D /* SwiftAsyncSpecialPacket.swift */; };
		02C6366B21E614520078257D /* SwiftAsyncWritePacket.swift in Sources */ = {isa = PBXBuildFile; fileRef = 02C6361521E614520078257D /* SwiftAsyncWritePacket.swift */; };
		02C6366C21E614520078257D /* SwiftAsyncWritePacket.swift in Sources */ = {isa = PBXBuildFile; fileRef = 02C6361521E614520078257D /* SwiftAsyncWritePacket.swift */; };
		02C6366D21E614520078257D /* SwiftAsyncSocketLog.swift in Sources */ = {isa = PBXBuildFile; fileRef = 02C6361621E614520078257D /* SwiftAsyncSocketLog.swift */; };
		02C6366E21E614520078257D /* SwiftAsyncSocketLog.swift in Sources */ = {isa = PBXBuildFile; fileRef = 02C6361621E614520078257D /* SwiftAsyncSocketLog.swift */; };
		02C6366F21E617340078257D /* SwiftAsyncSocketReadPacketTest.swift in Sources */ = {isa = PBXBuildFile; fileRef = 02C635AA21E612A50078257D /* SwiftAsyncSocketReadPacketTest.swift */; };
		02C6367021E617340078257D /* Server.swift in Sources */ = {isa = PBXBuildFile; fileRef = 02C635AB21E612A50078257D /* Server.swift */; };
		02C6367121E617340078257D /* SwiftAsyncTest.swift in Sources */ = {isa = PBXBuildFile; fileRef = 02C635AC21E612A50078257D /* SwiftAsyncTest.swift */; };
		02C6367221E617350078257D /* SwiftAsyncSocketReadPacketTest.swift in Sources */ = {isa = PBXBuildFile; fileRef = 02C635AA21E612A50078257D /* SwiftAsyncSocketReadPacketTest.swift */; };
		02C6367321E617350078257D /* Server.swift in Sources */ = {isa = PBXBuildFile; fileRef = 02C635AB21E612A50078257D /* Server.swift */; };
		02C6367421E617350078257D /* SwiftAsyncTest.swift in Sources */ = {isa = PBXBuildFile; fileRef = 02C635AC21E612A50078257D /* SwiftAsyncTest.swift */; };
		02EDC7C321F081F900423CDE /* SwiftAsyncUDPSocket+MulticastGroup.swift in Sources */ = {isa = PBXBuildFile; fileRef = 02EDC7C221F081F900423CDE /* SwiftAsyncUDPSocket+MulticastGroup.swift */; };
		02EDC7C421F081FD00423CDE /* SwiftAsyncUDPSocket+MulticastGroup.swift in Sources */ = {isa = PBXBuildFile; fileRef = 02EDC7C221F081F900423CDE /* SwiftAsyncUDPSocket+MulticastGroup.swift */; };
		02EDC7C521F082F100423CDE /* SwiftAsyncUDPSocket+Utilities.swift in Sources */ = {isa = PBXBuildFile; fileRef = 0262BFE621EB4D8900893413 /* SwiftAsyncUDPSocket+Utilities.swift */; };
		02EDC7C621F082F400423CDE /* SwiftAsyncUDPSocket+Source.swift in Sources */ = {isa = PBXBuildFile; fileRef = 0262BFDC21E866E600893413 /* SwiftAsyncUDPSocket+Source.swift */; };
		02EDC7C821F169FD00423CDE /* SwiftAsyncUDPSocket+Enable.swift in Sources */ = {isa = PBXBuildFile; fileRef = 02EDC7C721F169FD00423CDE /* SwiftAsyncUDPSocket+Enable.swift */; };
		02EDC7C921F169FD00423CDE /* SwiftAsyncUDPSocket+Enable.swift in Sources */ = {isa = PBXBuildFile; fileRef = 02EDC7C721F169FD00423CDE /* SwiftAsyncUDPSocket+Enable.swift */; };
		02EDC7CB21F171D900423CDE /* SwiftAsyncUDPSocket+Send.swift in Sources */ = {isa = PBXBuildFile; fileRef = 02EDC7CA21F171D900423CDE /* SwiftAsyncUDPSocket+Send.swift */; };
		02EDC7CC21F171D900423CDE /* SwiftAsyncUDPSocket+Send.swift in Sources */ = {isa = PBXBuildFile; fileRef = 02EDC7CA21F171D900423CDE /* SwiftAsyncUDPSocket+Send.swift */; };
		02EDC7CE21F1763A00423CDE /* SwiftAsyncUDPSocket+Receive.swift in Sources */ = {isa = PBXBuildFile; fileRef = 02EDC7CD21F1763A00423CDE /* SwiftAsyncUDPSocket+Receive.swift */; };
		02EDC7CF21F1763A00423CDE /* SwiftAsyncUDPSocket+Receive.swift in Sources */ = {isa = PBXBuildFile; fileRef = 02EDC7CD21F1763A00423CDE /* SwiftAsyncUDPSocket+Receive.swift */; };
		02EDC7D121F179E100423CDE /* SwiftAsyncUDPSocket+Close.swift in Sources */ = {isa = PBXBuildFile; fileRef = 02EDC7D021F179E100423CDE /* SwiftAsyncUDPSocket+Close.swift */; };
		02EDC7D221F179E100423CDE /* SwiftAsyncUDPSocket+Close.swift in Sources */ = {isa = PBXBuildFile; fileRef = 02EDC7D021F179E100423CDE /* SwiftAsyncUDPSocket+Close.swift */; };
		02EDC7D621F17E6700423CDE /* SwiftAsyncUDPSocketTest.swift in Sources */ = {isa = PBXBuildFile; fileRef = 02EDC7D521F17E6700423CDE /* SwiftAsyncUDPSocketTest.swift */; };
		02EDC7D721F17E6A00423CDE /* SwiftAsyncUDPSocketTest.swift in Sources */ = {isa = PBXBuildFile; fileRef = 02EDC7D521F17E6700423CDE /* SwiftAsyncUDPSocketTest.swift */; };
		02EDC7DF21F1BA6900423CDE /* SwiftAsyncUDPSocket+Bind.swift in Sources */ = {isa = PBXBuildFile; fileRef = 02EDC7DE21F1BA6900423CDE /* SwiftAsyncUDPSocket+Bind.swift */; };
		02EDC7E021F1BA6900423CDE /* SwiftAsyncUDPSocket+Bind.swift in Sources */ = {isa = PBXBuildFile; fileRef = 02EDC7DE21F1BA6900423CDE /* SwiftAsyncUDPSocket+Bind.swift */; };
		02EDC7E321F1BCBD00423CDE /* SwiftAsyncUDPSocket+Connect.swift in Sources */ = {isa = PBXBuildFile; fileRef = 02EDC7E221F1BCBD00423CDE /* SwiftAsyncUDPSocket+Connect.swift */; };
		02EDC7E421F1BCBD00423CDE /* SwiftAsyncUDPSocket+Connect.swift in Sources */ = {isa = PBXBuildFile; fileRef = 02EDC7E221F1BCBD00423CDE /* SwiftAsyncUDPSocket+Connect.swift */; };
		02EDC7E621F1C1E900423CDE /* SwiftAsyncUDPSocket+Multicast.swift in Sources */ = {isa = PBXBuildFile; fileRef = 02EDC7E521F1C1E900423CDE /* SwiftAsyncUDPSocket+Multicast.swift */; };
		02EDC7E721F1C1E900423CDE /* SwiftAsyncUDPSocket+Multicast.swift in Sources */ = {isa = PBXBuildFile; fileRef = 02EDC7E521F1C1E900423CDE /* SwiftAsyncUDPSocket+Multicast.swift */; };
		02EDC7EB21F1D3CF00423CDE /* UdpServer.swift in Sources */ = {isa = PBXBuildFile; fileRef = 02EDC7E821F1D1E900423CDE /* UdpServer.swift */; };
		02EDC7EC21F1D3CF00423CDE /* UdpServer.swift in Sources */ = {isa = PBXBuildFile; fileRef = 02EDC7E821F1D1E900423CDE /* UdpServer.swift */; };
/* End PBXBuildFile section */

/* Begin PBXContainerItemProxy section */
		02C635C721E613240078257D /* PBXContainerItemProxy */ = {
			isa = PBXContainerItemProxy;
			containerPortal = 02C6352021E60D3F0078257D /* Project object */;
			proxyType = 1;
			remoteGlobalIDString = 02C6352821E60D3F0078257D;
			remoteInfo = "SwiftAsyncSocket iOS";
		};
		02C635D621E613A60078257D /* PBXContainerItemProxy */ = {
			isa = PBXContainerItemProxy;
			containerPortal = 02C6352021E60D3F0078257D /* Project object */;
			proxyType = 1;
			remoteGlobalIDString = 02C635A021E612230078257D;
			remoteInfo = "SwiftAsyncSocket MacOS";
		};
/* End PBXContainerItemProxy section */

/* Begin PBXFileReference section */
		0262BFAC21E746E400893413 /* SwiftAsyncUDPSocket.swift */ = {isa = PBXFileReference; lastKnownFileType = sourcecode.swift; path = SwiftAsyncUDPSocket.swift; sourceTree = "<group>"; };
		0262BFB021E7481600893413 /* SwiftAsyncUDPSendPacket.swift */ = {isa = PBXFileReference; lastKnownFileType = sourcecode.swift; path = SwiftAsyncUDPSendPacket.swift; sourceTree = "<group>"; };
		0262BFB321E7752200893413 /* SwiftAsyncUDPSpecialPacket.swift */ = {isa = PBXFileReference; lastKnownFileType = sourcecode.swift; path = SwiftAsyncUDPSpecialPacket.swift; sourceTree = "<group>"; };
		0262BFB621E7791000893413 /* SwiftAsyncUDPPacket.swift */ = {isa = PBXFileReference; lastKnownFileType = sourcecode.swift; path = SwiftAsyncUDPPacket.swift; sourceTree = "<group>"; };
		0262BFBA21E77A2500893413 /* SwiftAsyncUdpSocketFlags.swift */ = {isa = PBXFileReference; lastKnownFileType = sourcecode.swift; path = SwiftAsyncUdpSocketFlags.swift; sourceTree = "<group>"; };
		0262BFBD21E7806400893413 /* SwiftAsyncUdpSocketConfig.swift */ = {isa = PBXFileReference; lastKnownFileType = sourcecode.swift; path = SwiftAsyncUdpSocketConfig.swift; sourceTree = "<group>"; };
		0262BFC021E7816600893413 /* SwiftAsyncUDPSocketDelegate.swift */ = {isa = PBXFileReference; lastKnownFileType = sourcecode.swift; path = SwiftAsyncUDPSocketDelegate.swift; sourceTree = "<group>"; };
		0262BFCA21E834DD00893413 /* SwiftAsyncUDPSocketReceiveFilter.swift */ = {isa = PBXFileReference; lastKnownFileType = sourcecode.swift; path = SwiftAsyncUDPSocketReceiveFilter.swift; sourceTree = "<group>"; };
		0262BFCD21E8363000893413 /* SwiftAsyncUDPSocketFilter.swift */ = {isa = PBXFileReference; lastKnownFileType = sourcecode.swift; path = SwiftAsyncUDPSocketFilter.swift; sourceTree = "<group>"; };
		0262BFD021E8391D00893413 /* SwiftAsyncUDPSocketSendFilter.swift */ = {isa = PBXFileReference; lastKnownFileType = sourcecode.swift; path = SwiftAsyncUDPSocketSendFilter.swift; sourceTree = "<group>"; };
		0262BFD821E8403A00893413 /* SwiftAsyncUDPSocketAddress.swift */ = {isa = PBXFileReference; lastKnownFileType = sourcecode.swift; path = SwiftAsyncUDPSocketAddress.swift; sourceTree = "<group>"; };
		0262BFDC21E866E600893413 /* SwiftAsyncUDPSocket+Source.swift */ = {isa = PBXFileReference; lastKnownFileType = sourcecode.swift; path = "SwiftAsyncUDPSocket+Source.swift"; sourceTree = "<group>"; };
		0262BFE021E8747D00893413 /* SwiftAsyncUDPSocket+Configuration.swift */ = {isa = PBXFileReference; lastKnownFileType = sourcecode.swift; path = "SwiftAsyncUDPSocket+Configuration.swift"; sourceTree = "<group>"; };
		0262BFE621EB4D8900893413 /* SwiftAsyncUDPSocket+Utilities.swift */ = {isa = PBXFileReference; lastKnownFileType = sourcecode.swift; path = "SwiftAsyncUDPSocket+Utilities.swift"; sourceTree = "<group>"; };
		0262BFE821EC733B00893413 /* SocketDataType.swift */ = {isa = PBXFileReference; lastKnownFileType = sourcecode.swift; path = SocketDataType.swift; sourceTree = "<group>"; };
		0262BFF021ED77E900893413 /* SwiftAsyncUDPSocket+Sending.swift */ = {isa = PBXFileReference; lastKnownFileType = sourcecode.swift; path = "SwiftAsyncUDPSocket+Sending.swift"; sourceTree = "<group>"; };
		0262BFF421ED8C2F00893413 /* SwiftAsyncUDPSocket+Closing.swift */ = {isa = PBXFileReference; lastKnownFileType = sourcecode.swift; path = "SwiftAsyncUDPSocket+Closing.swift"; sourceTree = "<group>"; };
		0262BFFC21EDB7A500893413 /* SwiftAsyncUDPSocket+Connecting.swift */ = {isa = PBXFileReference; lastKnownFileType = sourcecode.swift; path = "SwiftAsyncUDPSocket+Connecting.swift"; sourceTree = "<group>"; };
		0262C00021EDE22300893413 /* SwiftAsyncUDPSocket+Receiving.swift */ = {isa = PBXFileReference; lastKnownFileType = sourcecode.swift; path = "SwiftAsyncUDPSocket+Receiving.swift"; sourceTree = "<group>"; };
		027517B221EF250F009E945C /* SwiftAsyncUDPSocket+Notify.swift */ = {isa = PBXFileReference; lastKnownFileType = sourcecode.swift; path = "SwiftAsyncUDPSocket+Notify.swift"; sourceTree = "<group>"; };
		027517B821EF3B79009E945C /* SwiftAsyncUDPSocket+Diagnostics.swift */ = {isa = PBXFileReference; lastKnownFileType = sourcecode.swift; path = "SwiftAsyncUDPSocket+Diagnostics.swift"; sourceTree = "<group>"; };
		027517BC21EF5DDC009E945C /* SwiftAsyncUDPSocket+Binding.swift */ = {isa = PBXFileReference; lastKnownFileType = sourcecode.swift; path = "SwiftAsyncUDPSocket+Binding.swift"; sourceTree = "<group>"; };
		02C6352921E60D3F0078257D /* SwiftAsyncSocket.framework */ = {isa = PBXFileReference; explicitFileType = wrapper.framework; includeInIndex = 0; path = SwiftAsyncSocket.framework; sourceTree = BUILT_PRODUCTS_DIR; };
		02C635A121E612230078257D /* SwiftAsyncSocket.framework */ = {isa = PBXFileReference; explicitFileType = wrapper.framework; includeInIndex = 0; path = SwiftAsyncSocket.framework; sourceTree = BUILT_PRODUCTS_DIR; };
		02C635AA21E612A50078257D /* SwiftAsyncSocketReadPacketTest.swift */ = {isa = PBXFileReference; lastKnownFileType = sourcecode.swift; path = SwiftAsyncSocketReadPacketTest.swift; sourceTree = "<group>"; };
		02C635AB21E612A50078257D /* Server.swift */ = {isa = PBXFileReference; lastKnownFileType = sourcecode.swift; path = Server.swift; sourceTree = "<group>"; };
		02C635AC21E612A50078257D /* SwiftAsyncTest.swift */ = {isa = PBXFileReference; lastKnownFileType = sourcecode.swift; path = SwiftAsyncTest.swift; sourceTree = "<group>"; };
		02C635AD21E612A50078257D /* Info.plist */ = {isa = PBXFileReference; lastKnownFileType = text.plist.xml; path = Info.plist; sourceTree = "<group>"; };
		02C635C121E613240078257D /* SwiftAsyncSocketTests iOS.xctest */ = {isa = PBXFileReference; explicitFileType = wrapper.cfbundle; includeInIndex = 0; path = "SwiftAsyncSocketTests iOS.xctest"; sourceTree = BUILT_PRODUCTS_DIR; };
		02C635D021E613A50078257D /* SwiftAsyncSocketTests MacOS.xctest */ = {isa = PBXFileReference; explicitFileType = wrapper.cfbundle; includeInIndex = 0; path = "SwiftAsyncSocketTests MacOS.xctest"; sourceTree = BUILT_PRODUCTS_DIR; };
		02C635DD21E614510078257D /* SwiftAsyncThread.swift */ = {isa = PBXFileReference; fileEncoding = 4; lastKnownFileType = sourcecode.swift; path = SwiftAsyncThread.swift; sourceTree = "<group>"; };
		02C635DF21E614510078257D /* Data.swift */ = {isa = PBXFileReference; fileEncoding = 4; lastKnownFileType = sourcecode.swift; path = Data.swift; sourceTree = "<group>"; };
		02C635E021E614510078257D /* OptionSetExtension.swift */ = {isa = PBXFileReference; fileEncoding = 4; lastKnownFileType = sourcecode.swift; path = OptionSetExtension.swift; sourceTree = "<group>"; };
		02C635E121E614510078257D /* String.swift */ = {isa = PBXFileReference; fileEncoding = 4; lastKnownFileType = sourcecode.swift; path = String.swift; sourceTree = "<group>"; };
		02C635E421E614510078257D /* SwiftAsyncSocketPreBuffer.swift */ = {isa = PBXFileReference; fileEncoding = 4; lastKnownFileType = sourcecode.swift; path = SwiftAsyncSocketPreBuffer.swift; sourceTree = "<group>"; };
		02C635E521E614510078257D /* SwiftAsyncSocketBuffer.swift */ = {isa = PBXFileReference; fileEncoding = 4; lastKnownFileType = sourcecode.swift; path = SwiftAsyncSocketBuffer.swift; sourceTree = "<group>"; };
		02C635E821E614510078257D /* SocketAddrProtocol.swift */ = {isa = PBXFileReference; fileEncoding = 4; lastKnownFileType = sourcecode.swift; path = SocketAddrProtocol.swift; sourceTree = "<group>"; };
		02C635E921E614510078257D /* SockAddrExtension.swift */ = {isa = PBXFileReference; fileEncoding = 4; lastKnownFileType = sourcecode.swift; path = SockAddrExtension.swift; sourceTree = "<group>"; };
		02C635EA21E614510078257D /* SockDataHelper.swift */ = {isa = PBXFileReference; fileEncoding = 4; lastKnownFileType = sourcecode.swift; path = SockDataHelper.swift; sourceTree = "<group>"; };
		02C635EB21E614510078257D /* SwiftAsyncSocketConfig.swift */ = {isa = PBXFileReference; fileEncoding = 4; lastKnownFileType = sourcecode.swift; path = SwiftAsyncSocketConfig.swift; sourceTree = "<group>"; };
		02C635EC21E614510078257D /* SwiftAsyncSocketDelegate.swift */ = {isa = PBXFileReference; fileEncoding = 4; lastKnownFileType = sourcecode.swift; path = SwiftAsyncSocketDelegate.swift; sourceTree = "<group>"; };
		02C635EF21E614510078257D /* SwiftAsyncSocket+ReadData.swift */ = {isa = PBXFileReference; fileEncoding = 4; lastKnownFileType = sourcecode.swift; path = "SwiftAsyncSocket+ReadData.swift"; sourceTree = "<group>"; };
		02C635F021E614510078257D /* SwiftAsyncSocket+Reading.swift */ = {isa = PBXFileReference; fileEncoding = 4; lastKnownFileType = sourcecode.swift; path = "SwiftAsyncSocket+Reading.swift"; sourceTree = "<group>"; };
		02C635F121E614510078257D /* SwiftAsyncSocket+ReadingData.swift */ = {isa = PBXFileReference; fileEncoding = 4; lastKnownFileType = sourcecode.swift; path = "SwiftAsyncSocket+ReadingData.swift"; sourceTree = "<group>"; };
		02C635F221E614510078257D /* SwiftAsyncSocket+ReadingDataPrivate.swift */ = {isa = PBXFileReference; fileEncoding = 4; lastKnownFileType = sourcecode.swift; path = "SwiftAsyncSocket+ReadingDataPrivate.swift"; sourceTree = "<group>"; };
		02C635F421E614510078257D /* SwiftAsyncSocket+Close.swift */ = {isa = PBXFileReference; fileEncoding = 4; lastKnownFileType = sourcecode.swift; path = "SwiftAsyncSocket+Close.swift"; sourceTree = "<group>"; };
		02C635F621E614510078257D /* SwiftAsyncSocket+SSL.swift */ = {isa = PBXFileReference; fileEncoding = 4; lastKnownFileType = sourcecode.swift; path = "SwiftAsyncSocket+SSL.swift"; sourceTree = "<group>"; };
		02C635F721E614510078257D /* SwiftAsyncSocket+Security.swift */ = {isa = PBXFileReference; fileEncoding = 4; lastKnownFileType = sourcecode.swift; path = "SwiftAsyncSocket+Security.swift"; sourceTree = "<group>"; };
		02C635F821E614510078257D /* SwiftAsyncSocket+SecurityViaSecureTransport.swift */ = {isa = PBXFileReference; fileEncoding = 4; lastKnownFileType = sourcecode.swift; path = "SwiftAsyncSocket+SecurityViaSecureTransport.swift"; sourceTree = "<group>"; };
		02C635FA21E614510078257D /* SwiftAsyncSocket+UtilitiesGetInterface.swift */ = {isa = PBXFileReference; fileEncoding = 4; lastKnownFileType = sourcecode.swift; path = "SwiftAsyncSocket+UtilitiesGetInterface.swift"; sourceTree = "<group>"; };
		02C635FB21E614510078257D /* SwiftAsyncSocket+Utilities.swift */ = {isa = PBXFileReference; fileEncoding = 4; lastKnownFileType = sourcecode.swift; path = "SwiftAsyncSocket+Utilities.swift"; sourceTree = "<group>"; };
		02C635FC21E614510078257D /* SwiftAsyncSocket+CFStream.swift */ = {isa = PBXFileReference; fileEncoding = 4; lastKnownFileType = sourcecode.swift; path = "SwiftAsyncSocket+CFStream.swift"; sourceTree = "<group>"; };
		02C635FE21E614510078257D /* SwiftAsyncSocket+Connecting.swift */ = {isa = PBXFileReference; fileEncoding = 4; lastKnownFileType = sourcecode.swift; path = "SwiftAsyncSocket+Connecting.swift"; sourceTree = "<group>"; };
		02C635FF21E614510078257D /* SwiftAsyncSocket+LookUp.swift */ = {isa = PBXFileReference; fileEncoding = 4; lastKnownFileType = sourcecode.swift; path = "SwiftAsyncSocket+LookUp.swift"; sourceTree = "<group>"; };
		02C6360021E614510078257D /* SwiftAsyncSocket+PreConnect.swift */ = {isa = PBXFileReference; fileEncoding = 4; lastKnownFileType = sourcecode.swift; path = "SwiftAsyncSocket+PreConnect.swift"; sourceTree = "<group>"; };
		02C6360121E614510078257D /* SwiftAsyncSocket+Sock.swift */ = {isa = PBXFileReference; fileEncoding = 4; lastKnownFileType = sourcecode.swift; path = "SwiftAsyncSocket+Sock.swift"; sourceTree = "<group>"; };
		02C6360321E614520078257D /* SwiftAsyncSocket+Advanced.swift */ = {isa = PBXFileReference; fileEncoding = 4; lastKnownFileType = sourcecode.swift; path = "SwiftAsyncSocket+Advanced.swift"; sourceTree = "<group>"; };
		02C6360421E614520078257D /* SwiftAsyncSocket+WriteData.swift */ = {isa = PBXFileReference; fileEncoding = 4; lastKnownFileType = sourcecode.swift; path = "SwiftAsyncSocket+WriteData.swift"; sourceTree = "<group>"; };
		02C6360521E614520078257D /* SwiftAsyncSocket+SecurityFunc.swift */ = {isa = PBXFileReference; fileEncoding = 4; lastKnownFileType = sourcecode.swift; path = "SwiftAsyncSocket+SecurityFunc.swift"; sourceTree = "<group>"; };
		02C6360621E614520078257D /* SwiftAsyncSocket+Accepting.swift */ = {isa = PBXFileReference; fileEncoding = 4; lastKnownFileType = sourcecode.swift; path = "SwiftAsyncSocket+Accepting.swift"; sourceTree = "<group>"; };
		02C6360721E614520078257D /* SwiftAsyncSocket+OtherVars.swift */ = {isa = PBXFileReference; fileEncoding = 4; lastKnownFileType = sourcecode.swift; path = "SwiftAsyncSocket+OtherVars.swift"; sourceTree = "<group>"; };
		02C6360821E614520078257D /* SwiftAsyncSocket+ClassUtilities.swift */ = {isa = PBXFileReference; fileEncoding = 4; lastKnownFileType = sourcecode.swift; path = "SwiftAsyncSocket+ClassUtilities.swift"; sourceTree = "<group>"; };
		02C6360921E614520078257D /* SwiftAsyncSocket+Connect.swift */ = {isa = PBXFileReference; fileEncoding = 4; lastKnownFileType = sourcecode.swift; path = "SwiftAsyncSocket+Connect.swift"; sourceTree = "<group>"; };
		02C6360B21E614520078257D /* SwiftAsyncSocket+Writing.swift */ = {isa = PBXFileReference; fileEncoding = 4; lastKnownFileType = sourcecode.swift; path = "SwiftAsyncSocket+Writing.swift"; sourceTree = "<group>"; };
		02C6360C21E614520078257D /* SwiftAsyncSocket+WritingData.swift */ = {isa = PBXFileReference; fileEncoding = 4; lastKnownFileType = sourcecode.swift; path = "SwiftAsyncSocket+WritingData.swift"; sourceTree = "<group>"; };
		02C6360D21E614520078257D /* SwiftAsyncSocketFlags.swift */ = {isa = PBXFileReference; fileEncoding = 4; lastKnownFileType = sourcecode.swift; path = SwiftAsyncSocketFlags.swift; sourceTree = "<group>"; };
		02C6360E21E614520078257D /* SwiftAsyncSocketError.swift */ = {isa = PBXFileReference; fileEncoding = 4; lastKnownFileType = sourcecode.swift; path = SwiftAsyncSocketError.swift; sourceTree = "<group>"; };
		02C6360F21E614520078257D /* SwiftAsyncSocket.swift */ = {isa = PBXFileReference; fileEncoding = 4; lastKnownFileType = sourcecode.swift; path = SwiftAsyncSocket.swift; sourceTree = "<group>"; };
		02C6361121E614520078257D /* Info.plist */ = {isa = PBXFileReference; fileEncoding = 4; lastKnownFileType = text.plist.xml; path = Info.plist; sourceTree = "<group>"; };
		02C6361321E614520078257D /* SwiftAsyncReadPacket.swift */ = {isa = PBXFileReference; fileEncoding = 4; lastKnownFileType = sourcecode.swift; path = SwiftAsyncReadPacket.swift; sourceTree = "<group>"; };
		02C6361421E614520078257D /* SwiftAsyncSpecialPacket.swift */ = {isa = PBXFileReference; fileEncoding = 4; lastKnownFileType = sourcecode.swift; path = SwiftAsyncSpecialPacket.swift; sourceTree = "<group>"; };
		02C6361521E614520078257D /* SwiftAsyncWritePacket.swift */ = {isa = PBXFileReference; fileEncoding = 4; lastKnownFileType = sourcecode.swift; path = SwiftAsyncWritePacket.swift; sourceTree = "<group>"; };
		02C6361621E614520078257D /* SwiftAsyncSocketLog.swift */ = {isa = PBXFileReference; fileEncoding = 4; lastKnownFileType = sourcecode.swift; path = SwiftAsyncSocketLog.swift; sourceTree = "<group>"; };
		02C6367A21E619100078257D /* README.md */ = {isa = PBXFileReference; lastKnownFileType = net.daringfireball.markdown; path = README.md; sourceTree = "<group>"; };
		02C6367B21E619110078257D /* SwiftAsyncSocket.podspec */ = {isa = PBXFileReference; lastKnownFileType = text; path = SwiftAsyncSocket.podspec; sourceTree = "<group>"; };
		02EDC7C221F081F900423CDE /* SwiftAsyncUDPSocket+MulticastGroup.swift */ = {isa = PBXFileReference; lastKnownFileType = sourcecode.swift; path = "SwiftAsyncUDPSocket+MulticastGroup.swift"; sourceTree = "<group>"; };
		02EDC7C721F169FD00423CDE /* SwiftAsyncUDPSocket+Enable.swift */ = {isa = PBXFileReference; lastKnownFileType = sourcecode.swift; path = "SwiftAsyncUDPSocket+Enable.swift"; sourceTree = "<group>"; };
		02EDC7CA21F171D900423CDE /* SwiftAsyncUDPSocket+Send.swift */ = {isa = PBXFileReference; lastKnownFileType = sourcecode.swift; path = "SwiftAsyncUDPSocket+Send.swift"; sourceTree = "<group>"; };
		02EDC7CD21F1763A00423CDE /* SwiftAsyncUDPSocket+Receive.swift */ = {isa = PBXFileReference; lastKnownFileType = sourcecode.swift; path = "SwiftAsyncUDPSocket+Receive.swift"; sourceTree = "<group>"; };
		02EDC7D021F179E100423CDE /* SwiftAsyncUDPSocket+Close.swift */ = {isa = PBXFileReference; lastKnownFileType = sourcecode.swift; path = "SwiftAsyncUDPSocket+Close.swift"; sourceTree = "<group>"; };
		02EDC7D521F17E6700423CDE /* SwiftAsyncUDPSocketTest.swift */ = {isa = PBXFileReference; lastKnownFileType = sourcecode.swift; path = SwiftAsyncUDPSocketTest.swift; sourceTree = "<group>"; };
		02EDC7DE21F1BA6900423CDE /* SwiftAsyncUDPSocket+Bind.swift */ = {isa = PBXFileReference; lastKnownFileType = sourcecode.swift; path = "SwiftAsyncUDPSocket+Bind.swift"; sourceTree = "<group>"; };
		02EDC7E221F1BCBD00423CDE /* SwiftAsyncUDPSocket+Connect.swift */ = {isa = PBXFileReference; lastKnownFileType = sourcecode.swift; path = "SwiftAsyncUDPSocket+Connect.swift"; sourceTree = "<group>"; };
		02EDC7E521F1C1E900423CDE /* SwiftAsyncUDPSocket+Multicast.swift */ = {isa = PBXFileReference; lastKnownFileType = sourcecode.swift; path = "SwiftAsyncUDPSocket+Multicast.swift"; sourceTree = "<group>"; };
		02EDC7E821F1D1E900423CDE /* UdpServer.swift */ = {isa = PBXFileReference; lastKnownFileType = sourcecode.swift; path = UdpServer.swift; sourceTree = "<group>"; };
/* End PBXFileReference section */

/* Begin PBXFrameworksBuildPhase section */
		02C6352621E60D3F0078257D /* Frameworks */ = {
			isa = PBXFrameworksBuildPhase;
			buildActionMask = 2147483647;
			files = (
			);
			runOnlyForDeploymentPostprocessing = 0;
		};
		02C6359E21E612230078257D /* Frameworks */ = {
			isa = PBXFrameworksBuildPhase;
			buildActionMask = 2147483647;
			files = (
			);
			runOnlyForDeploymentPostprocessing = 0;
		};
		02C635BE21E613240078257D /* Frameworks */ = {
			isa = PBXFrameworksBuildPhase;
			buildActionMask = 2147483647;
			files = (
				02C635C621E613240078257D /* SwiftAsyncSocket.framework in Frameworks */,
			);
			runOnlyForDeploymentPostprocessing = 0;
		};
		02C635CD21E613A50078257D /* Frameworks */ = {
			isa = PBXFrameworksBuildPhase;
			buildActionMask = 2147483647;
			files = (
				02C635D521E613A60078257D /* SwiftAsyncSocket.framework in Frameworks */,
			);
			runOnlyForDeploymentPostprocessing = 0;
		};
/* End PBXFrameworksBuildPhase section */

/* Begin PBXGroup section */
		0262BFAB21E7468000893413 /* SwiftAsyncUDPSocket */ = {
			isa = PBXGroup;
			children = (
				0262BFAC21E746E400893413 /* SwiftAsyncUDPSocket.swift */,
				0262BFC021E7816600893413 /* SwiftAsyncUDPSocketDelegate.swift */,
				0262BFDB21E8668800893413 /* SwiftAsyncUDPSocketExtensions */,
				0262BFD721E8401800893413 /* Address */,
				0262BFC921E834C000893413 /* Filter */,
				0262BFAF21E747E800893413 /* Packet */,
				0262BFBA21E77A2500893413 /* SwiftAsyncUdpSocketFlags.swift */,
				0262BFBD21E7806400893413 /* SwiftAsyncUdpSocketConfig.swift */,
			);
			path = SwiftAsyncUDPSocket;
			sourceTree = "<group>";
		};
		0262BFAF21E747E800893413 /* Packet */ = {
			isa = PBXGroup;
			children = (
				0262BFB621E7791000893413 /* SwiftAsyncUDPPacket.swift */,
				0262BFB021E7481600893413 /* SwiftAsyncUDPSendPacket.swift */,
				0262BFB321E7752200893413 /* SwiftAsyncUDPSpecialPacket.swift */,
			);
			path = Packet;
			sourceTree = "<group>";
		};
		0262BFC921E834C000893413 /* Filter */ = {
			isa = PBXGroup;
			children = (
				0262BFCD21E8363000893413 /* SwiftAsyncUDPSocketFilter.swift */,
				0262BFCA21E834DD00893413 /* SwiftAsyncUDPSocketReceiveFilter.swift */,
				0262BFD021E8391D00893413 /* SwiftAsyncUDPSocketSendFilter.swift */,
			);
			path = Filter;
			sourceTree = "<group>";
		};
		0262BFD721E8401800893413 /* Address */ = {
			isa = PBXGroup;
			children = (
				0262BFD821E8403A00893413 /* SwiftAsyncUDPSocketAddress.swift */,
			);
			path = Address;
			sourceTree = "<group>";
		};
		0262BFDB21E8668800893413 /* SwiftAsyncUDPSocketExtensions */ = {
			isa = PBXGroup;
			children = (
				0262BFDF21E8746800893413 /* PublicFiles */,
				027517B721EF3B5B009E945C /* Diagnostics */,
				0262BFFF21EDE1F500893413 /* Receiving */,
				027517BB21EF5DCF009E945C /* Binding */,
				0262BFFB21EDB79200893413 /* Connecting */,
				02EDC7C121F081B000423CDE /* Multicast */,
				0262BFF321ED858E00893413 /* Closing */,
				0262BFEF21ED77A600893413 /* Sending */,
				0262BFEB21ED71DF00893413 /* Utilities */,
				027517B121EF24FD009E945C /* Notify */,
			);
			path = SwiftAsyncUDPSocketExtensions;
			sourceTree = "<group>";
		};
		0262BFDF21E8746800893413 /* PublicFiles */ = {
			isa = PBXGroup;
			children = (
				0262BFE021E8747D00893413 /* SwiftAsyncUDPSocket+Configuration.swift */,
				02EDC7E221F1BCBD00423CDE /* SwiftAsyncUDPSocket+Connect.swift */,
				02EDC7DE21F1BA6900423CDE /* SwiftAsyncUDPSocket+Bind.swift */,
				02EDC7E521F1C1E900423CDE /* SwiftAsyncUDPSocket+Multicast.swift */,
				02EDC7C721F169FD00423CDE /* SwiftAsyncUDPSocket+Enable.swift */,
				02EDC7CA21F171D900423CDE /* SwiftAsyncUDPSocket+Send.swift */,
				02EDC7CD21F1763A00423CDE /* SwiftAsyncUDPSocket+Receive.swift */,
				02EDC7D021F179E100423CDE /* SwiftAsyncUDPSocket+Close.swift */,
			);
			path = PublicFiles;
			sourceTree = "<group>";
		};
		0262BFEB21ED71DF00893413 /* Utilities */ = {
			isa = PBXGroup;
			children = (
				0262BFE621EB4D8900893413 /* SwiftAsyncUDPSocket+Utilities.swift */,
				0262BFDC21E866E600893413 /* SwiftAsyncUDPSocket+Source.swift */,
			);
			path = Utilities;
			sourceTree = "<group>";
		};
		0262BFEF21ED77A600893413 /* Sending */ = {
			isa = PBXGroup;
			children = (
				0262BFF021ED77E900893413 /* SwiftAsyncUDPSocket+Sending.swift */,
			);
			path = Sending;
			sourceTree = "<group>";
		};
		0262BFF321ED858E00893413 /* Closing */ = {
			isa = PBXGroup;
			children = (
				0262BFF421ED8C2F00893413 /* SwiftAsyncUDPSocket+Closing.swift */,
			);
			path = Closing;
			sourceTree = "<group>";
		};
		0262BFFB21EDB79200893413 /* Connecting */ = {
			isa = PBXGroup;
			children = (
				0262BFFC21EDB7A500893413 /* SwiftAsyncUDPSocket+Connecting.swift */,
			);
			path = Connecting;
			sourceTree = "<group>";
		};
		0262BFFF21EDE1F500893413 /* Receiving */ = {
			isa = PBXGroup;
			children = (
				0262C00021EDE22300893413 /* SwiftAsyncUDPSocket+Receiving.swift */,
			);
			path = Receiving;
			sourceTree = "<group>";
		};
		027517B121EF24FD009E945C /* Notify */ = {
			isa = PBXGroup;
			children = (
				027517B221EF250F009E945C /* SwiftAsyncUDPSocket+Notify.swift */,
			);
			path = Notify;
			sourceTree = "<group>";
		};
		027517B721EF3B5B009E945C /* Diagnostics */ = {
			isa = PBXGroup;
			children = (
				027517B821EF3B79009E945C /* SwiftAsyncUDPSocket+Diagnostics.swift */,
			);
			path = Diagnostics;
			sourceTree = "<group>";
		};
		027517BB21EF5DCF009E945C /* Binding */ = {
			isa = PBXGroup;
			children = (
				027517BC21EF5DDC009E945C /* SwiftAsyncUDPSocket+Binding.swift */,
			);
			path = Binding;
			sourceTree = "<group>";
		};
		02C6351F21E60D3F0078257D = {
			isa = PBXGroup;
			children = (
				02C6367A21E619100078257D /* README.md */,
				02C6367B21E619110078257D /* SwiftAsyncSocket.podspec */,
				02C635DB21E614510078257D /* Sources */,
				02C635A921E612A50078257D /* Tests */,
				02C6352A21E60D3F0078257D /* Products */,
			);
			sourceTree = "<group>";
		};
		02C6352A21E60D3F0078257D /* Products */ = {
			isa = PBXGroup;
			children = (
				02C6352921E60D3F0078257D /* SwiftAsyncSocket.framework */,
				02C635A121E612230078257D /* SwiftAsyncSocket.framework */,
				02C635C121E613240078257D /* SwiftAsyncSocketTests iOS.xctest */,
				02C635D021E613A50078257D /* SwiftAsyncSocketTests MacOS.xctest */,
			);
			name = Products;
			sourceTree = "<group>";
		};
		02C635A921E612A50078257D /* Tests */ = {
			isa = PBXGroup;
			children = (
				02EDC7D421F17D3C00423CDE /* UDP_Test */,
				02EDC7D321F17D1E00423CDE /* TCP_Test */,
				02C635AD21E612A50078257D /* Info.plist */,
			);
			path = Tests;
			sourceTree = "<group>";
		};
		02C635DB21E614510078257D /* Sources */ = {
			isa = PBXGroup;
			children = (
				02C635E621E614510078257D /* SwiftAsyncSocket */,
				0262BFAB21E7468000893413 /* SwiftAsyncUDPSocket */,
				02C635DC21E614510078257D /* PhoneThread */,
				02C635DE21E614510078257D /* DataExtension */,
				02C635E721E614510078257D /* SocketAddrExtension */,
				02C6361021E614520078257D /* SupportingFiles */,
				02C6361621E614520078257D /* SwiftAsyncSocketLog.swift */,
				0262BFE821EC733B00893413 /* SocketDataType.swift */,
				02C6360E21E614520078257D /* SwiftAsyncSocketError.swift */,
			);
			path = Sources;
			sourceTree = "<group>";
		};
		02C635DC21E614510078257D /* PhoneThread */ = {
			isa = PBXGroup;
			children = (
				02C635DD21E614510078257D /* SwiftAsyncThread.swift */,
			);
			path = PhoneThread;
			sourceTree = "<group>";
		};
		02C635DE21E614510078257D /* DataExtension */ = {
			isa = PBXGroup;
			children = (
				02C635DF21E614510078257D /* Data.swift */,
				02C635E021E614510078257D /* OptionSetExtension.swift */,
				02C635E121E614510078257D /* String.swift */,
			);
			path = DataExtension;
			sourceTree = "<group>";
		};
		02C635E321E614510078257D /* PreBuffer */ = {
			isa = PBXGroup;
			children = (
				02C635E421E614510078257D /* SwiftAsyncSocketPreBuffer.swift */,
				02C635E521E614510078257D /* SwiftAsyncSocketBuffer.swift */,
			);
			path = PreBuffer;
			sourceTree = "<group>";
		};
		02C635E621E614510078257D /* SwiftAsyncSocket */ = {
			isa = PBXGroup;
			children = (
				02C6360F21E614520078257D /* SwiftAsyncSocket.swift */,
				02C635EC21E614510078257D /* SwiftAsyncSocketDelegate.swift */,
				02C635E321E614510078257D /* PreBuffer */,
				02C6361221E614520078257D /* Packet */,
				02C635ED21E614510078257D /* SwiftAsyncSocketExtensions */,
				02C6360D21E614520078257D /* SwiftAsyncSocketFlags.swift */,
				02C635EB21E614510078257D /* SwiftAsyncSocketConfig.swift */,
			);
			path = SwiftAsyncSocket;
			sourceTree = "<group>";
		};
		02C635E721E614510078257D /* SocketAddrExtension */ = {
			isa = PBXGroup;
			children = (
				02C635E821E614510078257D /* SocketAddrProtocol.swift */,
				02C635E921E614510078257D /* SockAddrExtension.swift */,
				02C635EA21E614510078257D /* SockDataHelper.swift */,
			);
			path = SocketAddrExtension;
			sourceTree = "<group>";
		};
		02C635ED21E614510078257D /* SwiftAsyncSocketExtensions */ = {
			isa = PBXGroup;
			children = (
				02C6360221E614520078257D /* PublicFiles */,
				02C635EE21E614510078257D /* Reading */,
				02C635F321E614510078257D /* Close */,
				02C635F521E614510078257D /* Security */,
				02C635F921E614510078257D /* Utilities */,
				02C635FC21E614510078257D /* SwiftAsyncSocket+CFStream.swift */,
				02C635FD21E614510078257D /* Connecting */,
				02C6360A21E614520078257D /* Writing */,
			);
			path = SwiftAsyncSocketExtensions;
			sourceTree = "<group>";
		};
		02C635EE21E614510078257D /* Reading */ = {
			isa = PBXGroup;
			children = (
				02C635EF21E614510078257D /* SwiftAsyncSocket+ReadData.swift */,
				02C635F021E614510078257D /* SwiftAsyncSocket+Reading.swift */,
				02C635F121E614510078257D /* SwiftAsyncSocket+ReadingData.swift */,
				02C635F221E614510078257D /* SwiftAsyncSocket+ReadingDataPrivate.swift */,
			);
			path = Reading;
			sourceTree = "<group>";
		};
		02C635F321E614510078257D /* Close */ = {
			isa = PBXGroup;
			children = (
				02C635F421E614510078257D /* SwiftAsyncSocket+Close.swift */,
			);
			path = Close;
			sourceTree = "<group>";
		};
		02C635F521E614510078257D /* Security */ = {
			isa = PBXGroup;
			children = (
				02C635F621E614510078257D /* SwiftAsyncSocket+SSL.swift */,
				02C635F721E614510078257D /* SwiftAsyncSocket+Security.swift */,
				02C635F821E614510078257D /* SwiftAsyncSocket+SecurityViaSecureTransport.swift */,
			);
			path = Security;
			sourceTree = "<group>";
		};
		02C635F921E614510078257D /* Utilities */ = {
			isa = PBXGroup;
			children = (
				02C635FA21E614510078257D /* SwiftAsyncSocket+UtilitiesGetInterface.swift */,
				02C635FB21E614510078257D /* SwiftAsyncSocket+Utilities.swift */,
			);
			path = Utilities;
			sourceTree = "<group>";
		};
		02C635FD21E614510078257D /* Connecting */ = {
			isa = PBXGroup;
			children = (
				02C635FE21E614510078257D /* SwiftAsyncSocket+Connecting.swift */,
				02C635FF21E614510078257D /* SwiftAsyncSocket+LookUp.swift */,
				02C6360021E614510078257D /* SwiftAsyncSocket+PreConnect.swift */,
				02C6360121E614510078257D /* SwiftAsyncSocket+Sock.swift */,
			);
			path = Connecting;
			sourceTree = "<group>";
		};
		02C6360221E614520078257D /* PublicFiles */ = {
			isa = PBXGroup;
			children = (
				02C6360321E614520078257D /* SwiftAsyncSocket+Advanced.swift */,
				02C6360421E614520078257D /* SwiftAsyncSocket+WriteData.swift */,
				02C6360521E614520078257D /* SwiftAsyncSocket+SecurityFunc.swift */,
				02C6360621E614520078257D /* SwiftAsyncSocket+Accepting.swift */,
				02C6360721E614520078257D /* SwiftAsyncSocket+OtherVars.swift */,
				02C6360821E614520078257D /* SwiftAsyncSocket+ClassUtilities.swift */,
				02C6360921E614520078257D /* SwiftAsyncSocket+Connect.swift */,
			);
			path = PublicFiles;
			sourceTree = "<group>";
		};
		02C6360A21E614520078257D /* Writing */ = {
			isa = PBXGroup;
			children = (
				02C6360B21E614520078257D /* SwiftAsyncSocket+Writing.swift */,
				02C6360C21E614520078257D /* SwiftAsyncSocket+WritingData.swift */,
			);
			path = Writing;
			sourceTree = "<group>";
		};
		02C6361021E614520078257D /* SupportingFiles */ = {
			isa = PBXGroup;
			children = (
				02C6361121E614520078257D /* Info.plist */,
			);
			path = SupportingFiles;
			sourceTree = "<group>";
		};
		02C6361221E614520078257D /* Packet */ = {
			isa = PBXGroup;
			children = (
				02C6361321E614520078257D /* SwiftAsyncReadPacket.swift */,
				02C6361421E614520078257D /* SwiftAsyncSpecialPacket.swift */,
				02C6361521E614520078257D /* SwiftAsyncWritePacket.swift */,
			);
			path = Packet;
			sourceTree = "<group>";
		};
		02EDC7C121F081B000423CDE /* Multicast */ = {
			isa = PBXGroup;
			children = (
				02EDC7C221F081F900423CDE /* SwiftAsyncUDPSocket+MulticastGroup.swift */,
			);
			path = Multicast;
			sourceTree = "<group>";
		};
		02EDC7D321F17D1E00423CDE /* TCP_Test */ = {
			isa = PBXGroup;
			children = (
				02C635AA21E612A50078257D /* SwiftAsyncSocketReadPacketTest.swift */,
				02C635AB21E612A50078257D /* Server.swift */,
				02C635AC21E612A50078257D /* SwiftAsyncTest.swift */,
			);
			path = TCP_Test;
			sourceTree = "<group>";
		};
		02EDC7D421F17D3C00423CDE /* UDP_Test */ = {
			isa = PBXGroup;
			children = (
				02EDC7D521F17E6700423CDE /* SwiftAsyncUDPSocketTest.swift */,
				02EDC7E821F1D1E900423CDE /* UdpServer.swift */,
			);
			path = UDP_Test;
			sourceTree = "<group>";
		};
/* End PBXGroup section */

/* Begin PBXHeadersBuildPhase section */
		02C6352421E60D3F0078257D /* Headers */ = {
			isa = PBXHeadersBuildPhase;
			buildActionMask = 2147483647;
			files = (
			);
			runOnlyForDeploymentPostprocessing = 0;
		};
		02C6359C21E612230078257D /* Headers */ = {
			isa = PBXHeadersBuildPhase;
			buildActionMask = 2147483647;
			files = (
			);
			runOnlyForDeploymentPostprocessing = 0;
		};
/* End PBXHeadersBuildPhase section */

/* Begin PBXNativeTarget section */
		02C6352821E60D3F0078257D /* SwiftAsyncSocket iOS */ = {
			isa = PBXNativeTarget;
			buildConfigurationList = 02C6353121E60D3F0078257D /* Build configuration list for PBXNativeTarget "SwiftAsyncSocket iOS" */;
			buildPhases = (
				02C6352421E60D3F0078257D /* Headers */,
				02C6352521E60D3F0078257D /* Sources */,
				02C6352621E60D3F0078257D /* Frameworks */,
				02C6352721E60D3F0078257D /* Resources */,
				027517B521EF2BC9009E945C /* SwiftLint */,
			);
			buildRules = (
			);
			dependencies = (
			);
			name = "SwiftAsyncSocket iOS";
			productName = SwiftAsyncSocket;
			productReference = 02C6352921E60D3F0078257D /* SwiftAsyncSocket.framework */;
			productType = "com.apple.product-type.framework";
		};
		02C635A021E612230078257D /* SwiftAsyncSocket MacOS */ = {
			isa = PBXNativeTarget;
			buildConfigurationList = 02C635A621E612230078257D /* Build configuration list for PBXNativeTarget "SwiftAsyncSocket MacOS" */;
			buildPhases = (
				02C6359C21E612230078257D /* Headers */,
				02C6359D21E612230078257D /* Sources */,
				02C6359E21E612230078257D /* Frameworks */,
				02C6359F21E612230078257D /* Resources */,
				027517B621EF2C02009E945C /* SwiftLint */,
			);
			buildRules = (
			);
			dependencies = (
			);
			name = "SwiftAsyncSocket MacOS";
			productName = "SwiftAsyncSocket MacOS";
			productReference = 02C635A121E612230078257D /* SwiftAsyncSocket.framework */;
			productType = "com.apple.product-type.framework";
		};
		02C635C021E613240078257D /* SwiftAsyncSocketTests iOS */ = {
			isa = PBXNativeTarget;
			buildConfigurationList = 02C635C921E613240078257D /* Build configuration list for PBXNativeTarget "SwiftAsyncSocketTests iOS" */;
			buildPhases = (
				02C635BD21E613240078257D /* Sources */,
				02C635BE21E613240078257D /* Frameworks */,
				02C635BF21E613240078257D /* Resources */,
			);
			buildRules = (
			);
			dependencies = (
				02C635C821E613240078257D /* PBXTargetDependency */,
			);
			name = "SwiftAsyncSocketTests iOS";
			productName = SwiftAsyncSocketTestsiOS;
			productReference = 02C635C121E613240078257D /* SwiftAsyncSocketTests iOS.xctest */;
			productType = "com.apple.product-type.bundle.unit-test";
		};
		02C635CF21E613A50078257D /* SwiftAsyncSocketTests MacOS */ = {
			isa = PBXNativeTarget;
			buildConfigurationList = 02C635D821E613A60078257D /* Build configuration list for PBXNativeTarget "SwiftAsyncSocketTests MacOS" */;
			buildPhases = (
				02C635CC21E613A50078257D /* Sources */,
				02C635CD21E613A50078257D /* Frameworks */,
				02C635CE21E613A50078257D /* Resources */,
			);
			buildRules = (
			);
			dependencies = (
				02C635D721E613A60078257D /* PBXTargetDependency */,
			);
			name = "SwiftAsyncSocketTests MacOS";
			productName = SwiftAsyncSocketTestsMacOS;
			productReference = 02C635D021E613A50078257D /* SwiftAsyncSocketTests MacOS.xctest */;
			productType = "com.apple.product-type.bundle.unit-test";
		};
/* End PBXNativeTarget section */

/* Begin PBXProject section */
		02C6352021E60D3F0078257D /* Project object */ = {
			isa = PBXProject;
			attributes = {
				LastSwiftUpdateCheck = 1010;
				LastUpgradeCheck = 1010;
				ORGANIZATIONNAME = chouheiwa;
				TargetAttributes = {
					02C6352821E60D3F0078257D = {
						CreatedOnToolsVersion = 10.1;
					};
					02C635A021E612230078257D = {
						CreatedOnToolsVersion = 10.1;
					};
					02C635C021E613240078257D = {
						CreatedOnToolsVersion = 10.1;
					};
					02C635CF21E613A50078257D = {
						CreatedOnToolsVersion = 10.1;
					};
				};
			};
			buildConfigurationList = 02C6352321E60D3F0078257D /* Build configuration list for PBXProject "SwiftAsyncSocket" */;
			compatibilityVersion = "Xcode 9.3";
			developmentRegion = en;
			hasScannedForEncodings = 0;
			knownRegions = (
				en,
			);
			mainGroup = 02C6351F21E60D3F0078257D;
			productRefGroup = 02C6352A21E60D3F0078257D /* Products */;
			projectDirPath = "";
			projectRoot = "";
			targets = (
				02C6352821E60D3F0078257D /* SwiftAsyncSocket iOS */,
				02C635A021E612230078257D /* SwiftAsyncSocket MacOS */,
				02C635C021E613240078257D /* SwiftAsyncSocketTests iOS */,
				02C635CF21E613A50078257D /* SwiftAsyncSocketTests MacOS */,
			);
		};
/* End PBXProject section */

/* Begin PBXResourcesBuildPhase section */
		02C6352721E60D3F0078257D /* Resources */ = {
			isa = PBXResourcesBuildPhase;
			buildActionMask = 2147483647;
			files = (
			);
			runOnlyForDeploymentPostprocessing = 0;
		};
		02C6359F21E612230078257D /* Resources */ = {
			isa = PBXResourcesBuildPhase;
			buildActionMask = 2147483647;
			files = (
			);
			runOnlyForDeploymentPostprocessing = 0;
		};
		02C635BF21E613240078257D /* Resources */ = {
			isa = PBXResourcesBuildPhase;
			buildActionMask = 2147483647;
			files = (
			);
			runOnlyForDeploymentPostprocessing = 0;
		};
		02C635CE21E613A50078257D /* Resources */ = {
			isa = PBXResourcesBuildPhase;
			buildActionMask = 2147483647;
			files = (
			);
			runOnlyForDeploymentPostprocessing = 0;
		};
/* End PBXResourcesBuildPhase section */

/* Begin PBXShellScriptBuildPhase section */
		027517B521EF2BC9009E945C /* SwiftLint */ = {
			isa = PBXShellScriptBuildPhase;
			buildActionMask = 2147483647;
			files = (
			);
			inputFileListPaths = (
			);
			inputPaths = (
			);
			name = SwiftLint;
			outputFileListPaths = (
			);
			outputPaths = (
			);
			runOnlyForDeploymentPostprocessing = 0;
			shellPath = /bin/sh;
			shellScript = "if which swiftlint >/dev/null; then\nswiftlint\nelse\necho \"warning: SwiftLint not installed, download from https://github.com/realm/SwiftLint\"\nfi\n";
		};
		027517B621EF2C02009E945C /* SwiftLint */ = {
			isa = PBXShellScriptBuildPhase;
			buildActionMask = 2147483647;
			files = (
			);
			inputFileListPaths = (
			);
			inputPaths = (
			);
			name = SwiftLint;
			outputFileListPaths = (
			);
			outputPaths = (
			);
			runOnlyForDeploymentPostprocessing = 0;
			shellPath = /bin/sh;
			shellScript = "if which swiftlint >/dev/null; then\nswiftlint\nelse\necho \"warning: SwiftLint not installed, download from https://github.com/realm/SwiftLint\"\nfi\n";
		};
/* End PBXShellScriptBuildPhase section */

/* Begin PBXSourcesBuildPhase section */
		02C6352521E60D3F0078257D /* Sources */ = {
			isa = PBXSourcesBuildPhase;
			buildActionMask = 2147483647;
			files = (
				027517B921EF3B79009E945C /* SwiftAsyncUDPSocket+Diagnostics.swift in Sources */,
				02C6364321E614520078257D /* SwiftAsyncSocket+CFStream.swift in Sources */,
				0262BFD121E8391D00893413 /* SwiftAsyncUDPSocketSendFilter.swift in Sources */,
				02C6364721E614520078257D /* SwiftAsyncSocket+LookUp.swift in Sources */,
				02C6364921E614520078257D /* SwiftAsyncSocket+PreConnect.swift in Sources */,
				0262BFCB21E834DD00893413 /* SwiftAsyncUDPSocketReceiveFilter.swift in Sources */,
				02C6366321E614520078257D /* SwiftAsyncSocket.swift in Sources */,
				02C6365521E614520078257D /* SwiftAsyncSocket+OtherVars.swift in Sources */,
				0262BFB421E7752200893413 /* SwiftAsyncUDPSpecialPacket.swift in Sources */,
				0262C00121EDE22300893413 /* SwiftAsyncUDPSocket+Receiving.swift in Sources */,
				0262BFDD21E866E600893413 /* SwiftAsyncUDPSocket+Source.swift in Sources */,
				0262BFF521ED8C2F00893413 /* SwiftAsyncUDPSocket+Closing.swift in Sources */,
				02EDC7E621F1C1E900423CDE /* SwiftAsyncUDPSocket+Multicast.swift in Sources */,
				02C6364B21E614520078257D /* SwiftAsyncSocket+Sock.swift in Sources */,
				0262BFCE21E8363000893413 /* SwiftAsyncUDPSocketFilter.swift in Sources */,
				02C6362921E614520078257D /* SockDataHelper.swift in Sources */,
				02C6361B21E614520078257D /* OptionSetExtension.swift in Sources */,
				02C6366D21E614520078257D /* SwiftAsyncSocketLog.swift in Sources */,
				02C6363D21E614520078257D /* SwiftAsyncSocket+SecurityViaSecureTransport.swift in Sources */,
				02C6365121E614520078257D /* SwiftAsyncSocket+SecurityFunc.swift in Sources */,
				02C6364121E614520078257D /* SwiftAsyncSocket+Utilities.swift in Sources */,
				0262BFBE21E7806400893413 /* SwiftAsyncUdpSocketConfig.swift in Sources */,
				02C6363F21E614520078257D /* SwiftAsyncSocket+UtilitiesGetInterface.swift in Sources */,
				02C6366921E614520078257D /* SwiftAsyncSpecialPacket.swift in Sources */,
				02C6365F21E614520078257D /* SwiftAsyncSocketFlags.swift in Sources */,
				02EDC7C321F081F900423CDE /* SwiftAsyncUDPSocket+MulticastGroup.swift in Sources */,
				02C6365D21E614520078257D /* SwiftAsyncSocket+WritingData.swift in Sources */,
				02C6366B21E614520078257D /* SwiftAsyncWritePacket.swift in Sources */,
				02C6366721E614520078257D /* SwiftAsyncReadPacket.swift in Sources */,
				02C6363521E614520078257D /* SwiftAsyncSocket+ReadingDataPrivate.swift in Sources */,
				02C6363B21E614520078257D /* SwiftAsyncSocket+Security.swift in Sources */,
				02EDC7DF21F1BA6900423CDE /* SwiftAsyncUDPSocket+Bind.swift in Sources */,
				02EDC7D121F179E100423CDE /* SwiftAsyncUDPSocket+Close.swift in Sources */,
				02EDC7CE21F1763A00423CDE /* SwiftAsyncUDPSocket+Receive.swift in Sources */,
				02C6362D21E614520078257D /* SwiftAsyncSocketDelegate.swift in Sources */,
				02C6364521E614520078257D /* SwiftAsyncSocket+Connecting.swift in Sources */,
				02C6365321E614520078257D /* SwiftAsyncSocket+Accepting.swift in Sources */,
				02C6361721E614520078257D /* SwiftAsyncThread.swift in Sources */,
				02C6365721E614520078257D /* SwiftAsyncSocket+ClassUtilities.swift in Sources */,
				02C6363921E614520078257D /* SwiftAsyncSocket+SSL.swift in Sources */,
				027517BD21EF5DDC009E945C /* SwiftAsyncUDPSocket+Binding.swift in Sources */,
				02C6362B21E614520078257D /* SwiftAsyncSocketConfig.swift in Sources */,
				0262BFB721E7791000893413 /* SwiftAsyncUDPPacket.swift in Sources */,
				02C6365921E614520078257D /* SwiftAsyncSocket+Connect.swift in Sources */,
				0262BFE121E8747D00893413 /* SwiftAsyncUDPSocket+Configuration.swift in Sources */,
				02EDC7C821F169FD00423CDE /* SwiftAsyncUDPSocket+Enable.swift in Sources */,
				02C6362721E614520078257D /* SockAddrExtension.swift in Sources */,
				02C6363121E614520078257D /* SwiftAsyncSocket+Reading.swift in Sources */,
				0262BFB121E7481600893413 /* SwiftAsyncUDPSendPacket.swift in Sources */,
				02C6364F21E614520078257D /* SwiftAsyncSocket+WriteData.swift in Sources */,
				0262BFE921EC733B00893413 /* SocketDataType.swift in Sources */,
				02C6366121E614520078257D /* SwiftAsyncSocketError.swift in Sources */,
				0262BFF121ED77E900893413 /* SwiftAsyncUDPSocket+Sending.swift in Sources */,
				02C6361D21E614520078257D /* String.swift in Sources */,
				02C6362521E614520078257D /* SocketAddrProtocol.swift in Sources */,
				0262BFE721EB4D8900893413 /* SwiftAsyncUDPSocket+Utilities.swift in Sources */,
				02C6365B21E614520078257D /* SwiftAsyncSocket+Writing.swift in Sources */,
				027517B321EF250F009E945C /* SwiftAsyncUDPSocket+Notify.swift in Sources */,
				02C6364D21E614520078257D /* SwiftAsyncSocket+Advanced.swift in Sources */,
				02C6362321E614520078257D /* SwiftAsyncSocketBuffer.swift in Sources */,
				0262BFBB21E77A2500893413 /* SwiftAsyncUdpSocketFlags.swift in Sources */,
				02C6361921E614520078257D /* Data.swift in Sources */,
				02C6363721E614520078257D /* SwiftAsyncSocket+Close.swift in Sources */,
				0262BFD921E8403A00893413 /* SwiftAsyncUDPSocketAddress.swift in Sources */,
				02EDC7E321F1BCBD00423CDE /* SwiftAsyncUDPSocket+Connect.swift in Sources */,
				02C6362121E614520078257D /* SwiftAsyncSocketPreBuffer.swift in Sources */,
				02C6363321E614520078257D /* SwiftAsyncSocket+ReadingData.swift in Sources */,
				0262BFFD21EDB7A500893413 /* SwiftAsyncUDPSocket+Connecting.swift in Sources */,
				02C6362F21E614520078257D /* SwiftAsyncSocket+ReadData.swift in Sources */,
				0262BFAD21E746E400893413 /* SwiftAsyncUDPSocket.swift in Sources */,
				0262BFC121E7816600893413 /* SwiftAsyncUDPSocketDelegate.swift in Sources */,
				02EDC7CB21F171D900423CDE /* SwiftAsyncUDPSocket+Send.swift in Sources */,
			);
			runOnlyForDeploymentPostprocessing = 0;
		};
		02C6359D21E612230078257D /* Sources */ = {
			isa = PBXSourcesBuildPhase;
			buildActionMask = 2147483647;
			files = (
				027517BA21EF3B79009E945C /* SwiftAsyncUDPSocket+Diagnostics.swift in Sources */,
				02C6364421E614520078257D /* SwiftAsyncSocket+CFStream.swift in Sources */,
				0262BFF621ED8C2F00893413 /* SwiftAsyncUDPSocket+Closing.swift in Sources */,
				0262BFD221E8391D00893413 /* SwiftAsyncUDPSocketSendFilter.swift in Sources */,
				02C6364821E614520078257D /* SwiftAsyncSocket+LookUp.swift in Sources */,
				02C6364A21E614520078257D /* SwiftAsyncSocket+PreConnect.swift in Sources */,
				0262BFCC21E834DD00893413 /* SwiftAsyncUDPSocketReceiveFilter.swift in Sources */,
				02C6366421E614520078257D /* SwiftAsyncSocket.swift in Sources */,
				02C6365621E614520078257D /* SwiftAsyncSocket+OtherVars.swift in Sources */,
				0262BFB521E7752200893413 /* SwiftAsyncUDPSpecialPacket.swift in Sources */,
				02C6364C21E614520078257D /* SwiftAsyncSocket+Sock.swift in Sources */,
				0262BFCF21E8363000893413 /* SwiftAsyncUDPSocketFilter.swift in Sources */,
				02EDC7E721F1C1E900423CDE /* SwiftAsyncUDPSocket+Multicast.swift in Sources */,
				02C6362A21E614520078257D /* SockDataHelper.swift in Sources */,
				0262BFFE21EDB7A500893413 /* SwiftAsyncUDPSocket+Connecting.swift in Sources */,
				02C6361C21E614520078257D /* OptionSetExtension.swift in Sources */,
				02C6366E21E614520078257D /* SwiftAsyncSocketLog.swift in Sources */,
				02C6363E21E614520078257D /* SwiftAsyncSocket+SecurityViaSecureTransport.swift in Sources */,
				02C6365221E614520078257D /* SwiftAsyncSocket+SecurityFunc.swift in Sources */,
				02C6364221E614520078257D /* SwiftAsyncSocket+Utilities.swift in Sources */,
				027517B421EF250F009E945C /* SwiftAsyncUDPSocket+Notify.swift in Sources */,
				0262BFBF21E7806400893413 /* SwiftAsyncUdpSocketConfig.swift in Sources */,
				02C6364021E614520078257D /* SwiftAsyncSocket+UtilitiesGetInterface.swift in Sources */,
				02C6366A21E614520078257D /* SwiftAsyncSpecialPacket.swift in Sources */,
				02C6366021E614520078257D /* SwiftAsyncSocketFlags.swift in Sources */,
				02C6365E21E614520078257D /* SwiftAsyncSocket+WritingData.swift in Sources */,
				02C6366C21E614520078257D /* SwiftAsyncWritePacket.swift in Sources */,
				02C6366821E614520078257D /* SwiftAsyncReadPacket.swift in Sources */,
				02C6363621E614520078257D /* SwiftAsyncSocket+ReadingDataPrivate.swift in Sources */,
				02EDC7C421F081FD00423CDE /* SwiftAsyncUDPSocket+MulticastGroup.swift in Sources */,
				02C6363C21E614520078257D /* SwiftAsyncSocket+Security.swift in Sources */,
				02EDC7E021F1BA6900423CDE /* SwiftAsyncUDPSocket+Bind.swift in Sources */,
				02EDC7D221F179E100423CDE /* SwiftAsyncUDPSocket+Close.swift in Sources */,
				02EDC7CF21F1763A00423CDE /* SwiftAsyncUDPSocket+Receive.swift in Sources */,
				02C6362E21E614520078257D /* SwiftAsyncSocketDelegate.swift in Sources */,
				02C6364621E614520078257D /* SwiftAsyncSocket+Connecting.swift in Sources */,
				02C6365421E614520078257D /* SwiftAsyncSocket+Accepting.swift in Sources */,
				0262BFF221ED77E900893413 /* SwiftAsyncUDPSocket+Sending.swift in Sources */,
				02C6361821E614520078257D /* SwiftAsyncThread.swift in Sources */,
				02C6365821E614520078257D /* SwiftAsyncSocket+ClassUtilities.swift in Sources */,
				02C6363A21E614520078257D /* SwiftAsyncSocket+SSL.swift in Sources */,
				02EDC7C521F082F100423CDE /* SwiftAsyncUDPSocket+Utilities.swift in Sources */,
				027517BE21EF5DDC009E945C /* SwiftAsyncUDPSocket+Binding.swift in Sources */,
				02C6362C21E614520078257D /* SwiftAsyncSocketConfig.swift in Sources */,
				02EDC7C921F169FD00423CDE /* SwiftAsyncUDPSocket+Enable.swift in Sources */,
				0262BFB821E7791000893413 /* SwiftAsyncUDPPacket.swift in Sources */,
				02EDC7C621F082F400423CDE /* SwiftAsyncUDPSocket+Source.swift in Sources */,
				02C6365A21E614520078257D /* SwiftAsyncSocket+Connect.swift in Sources */,
				0262BFE221E8747D00893413 /* SwiftAsyncUDPSocket+Configuration.swift in Sources */,
				02C6362821E614520078257D /* SockAddrExtension.swift in Sources */,
				02C6363221E614520078257D /* SwiftAsyncSocket+Reading.swift in Sources */,
				0262BFB221E7481600893413 /* SwiftAsyncUDPSendPacket.swift in Sources */,
				02C6365021E614520078257D /* SwiftAsyncSocket+WriteData.swift in Sources */,
				02C6366221E614520078257D /* SwiftAsyncSocketError.swift in Sources */,
				02C6361E21E614520078257D /* String.swift in Sources */,
				02C6362621E614520078257D /* SocketAddrProtocol.swift in Sources */,
				02C6365C21E614520078257D /* SwiftAsyncSocket+Writing.swift in Sources */,
				0262BFEA21EC733B00893413 /* SocketDataType.swift in Sources */,
				02C6364E21E614520078257D /* SwiftAsyncSocket+Advanced.swift in Sources */,
				02C6362421E614520078257D /* SwiftAsyncSocketBuffer.swift in Sources */,
				0262BFBC21E77A2500893413 /* SwiftAsyncUdpSocketFlags.swift in Sources */,
				02C6361A21E614520078257D /* Data.swift in Sources */,
				02C6363821E614520078257D /* SwiftAsyncSocket+Close.swift in Sources */,
				0262BFDA21E8403A00893413 /* SwiftAsyncUDPSocketAddress.swift in Sources */,
				02EDC7E421F1BCBD00423CDE /* SwiftAsyncUDPSocket+Connect.swift in Sources */,
				02C6362221E614520078257D /* SwiftAsyncSocketPreBuffer.swift in Sources */,
				02C6363421E614520078257D /* SwiftAsyncSocket+ReadingData.swift in Sources */,
				02C6363021E614520078257D /* SwiftAsyncSocket+ReadData.swift in Sources */,
				0262BFAE21E746E400893413 /* SwiftAsyncUDPSocket.swift in Sources */,
				0262C00221EDE22300893413 /* SwiftAsyncUDPSocket+Receiving.swift in Sources */,
				0262BFC221E7816600893413 /* SwiftAsyncUDPSocketDelegate.swift in Sources */,
				02EDC7CC21F171D900423CDE /* SwiftAsyncUDPSocket+Send.swift in Sources */,
			);
			runOnlyForDeploymentPostprocessing = 0;
		};
		02C635BD21E613240078257D /* Sources */ = {
			isa = PBXSourcesBuildPhase;
			buildActionMask = 2147483647;
			files = (
				02EDC7EB21F1D3CF00423CDE /* UdpServer.swift in Sources */,
				02C6367021E617340078257D /* Server.swift in Sources */,
				02EDC7D621F17E6700423CDE /* SwiftAsyncUDPSocketTest.swift in Sources */,
				02C6367121E617340078257D /* SwiftAsyncTest.swift in Sources */,
				02C6366F21E617340078257D /* SwiftAsyncSocketReadPacketTest.swift in Sources */,
			);
			runOnlyForDeploymentPostprocessing = 0;
		};
		02C635CC21E613A50078257D /* Sources */ = {
			isa = PBXSourcesBuildPhase;
			buildActionMask = 2147483647;
			files = (
				02EDC7EC21F1D3CF00423CDE /* UdpServer.swift in Sources */,
				02C6367321E617350078257D /* Server.swift in Sources */,
				02EDC7D721F17E6A00423CDE /* SwiftAsyncUDPSocketTest.swift in Sources */,
				02C6367421E617350078257D /* SwiftAsyncTest.swift in Sources */,
				02C6367221E617350078257D /* SwiftAsyncSocketReadPacketTest.swift in Sources */,
			);
			runOnlyForDeploymentPostprocessing = 0;
		};
/* End PBXSourcesBuildPhase section */

/* Begin PBXTargetDependency section */
		02C635C821E613240078257D /* PBXTargetDependency */ = {
			isa = PBXTargetDependency;
			target = 02C6352821E60D3F0078257D /* SwiftAsyncSocket iOS */;
			targetProxy = 02C635C721E613240078257D /* PBXContainerItemProxy */;
		};
		02C635D721E613A60078257D /* PBXTargetDependency */ = {
			isa = PBXTargetDependency;
			target = 02C635A021E612230078257D /* SwiftAsyncSocket MacOS */;
			targetProxy = 02C635D621E613A60078257D /* PBXContainerItemProxy */;
		};
/* End PBXTargetDependency section */

/* Begin XCBuildConfiguration section */
		02C6352F21E60D3F0078257D /* Debug */ = {
			isa = XCBuildConfiguration;
			buildSettings = {
				ALWAYS_SEARCH_USER_PATHS = NO;
				CLANG_ANALYZER_NONNULL = YES;
				CLANG_ANALYZER_NUMBER_OBJECT_CONVERSION = YES_AGGRESSIVE;
				CLANG_CXX_LANGUAGE_STANDARD = "gnu++14";
				CLANG_CXX_LIBRARY = "libc++";
				CLANG_ENABLE_MODULES = YES;
				CLANG_ENABLE_OBJC_ARC = YES;
				CLANG_ENABLE_OBJC_WEAK = YES;
				CLANG_WARN_BLOCK_CAPTURE_AUTORELEASING = YES;
				CLANG_WARN_BOOL_CONVERSION = YES;
				CLANG_WARN_COMMA = YES;
				CLANG_WARN_CONSTANT_CONVERSION = YES;
				CLANG_WARN_DEPRECATED_OBJC_IMPLEMENTATIONS = YES;
				CLANG_WARN_DIRECT_OBJC_ISA_USAGE = YES_ERROR;
				CLANG_WARN_DOCUMENTATION_COMMENTS = YES;
				CLANG_WARN_EMPTY_BODY = YES;
				CLANG_WARN_ENUM_CONVERSION = YES;
				CLANG_WARN_INFINITE_RECURSION = YES;
				CLANG_WARN_INT_CONVERSION = YES;
				CLANG_WARN_NON_LITERAL_NULL_CONVERSION = YES;
				CLANG_WARN_OBJC_IMPLICIT_RETAIN_SELF = YES;
				CLANG_WARN_OBJC_LITERAL_CONVERSION = YES;
				CLANG_WARN_OBJC_ROOT_CLASS = YES_ERROR;
				CLANG_WARN_RANGE_LOOP_ANALYSIS = YES;
				CLANG_WARN_STRICT_PROTOTYPES = YES;
				CLANG_WARN_SUSPICIOUS_MOVE = YES;
				CLANG_WARN_UNGUARDED_AVAILABILITY = YES_AGGRESSIVE;
				CLANG_WARN_UNREACHABLE_CODE = YES;
				CLANG_WARN__DUPLICATE_METHOD_MATCH = YES;
				CODE_SIGN_IDENTITY = "iPhone Developer";
				COPY_PHASE_STRIP = NO;
				CURRENT_PROJECT_VERSION = 1;
				DEBUG_INFORMATION_FORMAT = dwarf;
				ENABLE_STRICT_OBJC_MSGSEND = YES;
				ENABLE_TESTABILITY = YES;
				GCC_C_LANGUAGE_STANDARD = gnu11;
				GCC_DYNAMIC_NO_PIC = NO;
				GCC_NO_COMMON_BLOCKS = YES;
				GCC_OPTIMIZATION_LEVEL = 0;
				GCC_PREPROCESSOR_DEFINITIONS = (
					"DEBUG=1",
					"$(inherited)",
				);
				GCC_WARN_64_TO_32_BIT_CONVERSION = YES;
				GCC_WARN_ABOUT_RETURN_TYPE = YES_ERROR;
				GCC_WARN_UNDECLARED_SELECTOR = YES;
				GCC_WARN_UNINITIALIZED_AUTOS = YES_AGGRESSIVE;
				GCC_WARN_UNUSED_FUNCTION = YES;
				GCC_WARN_UNUSED_VARIABLE = YES;
				INFOPLIST_FILE = Sources/SupportingFiles/Info.plist;
				IPHONEOS_DEPLOYMENT_TARGET = 12.1;
				MTL_ENABLE_DEBUG_INFO = INCLUDE_SOURCE;
				MTL_FAST_MATH = YES;
				ONLY_ACTIVE_ARCH = YES;
				SDKROOT = iphoneos;
				SWIFT_ACTIVE_COMPILATION_CONDITIONS = DEBUG;
				SWIFT_OPTIMIZATION_LEVEL = "-Onone";
				VERSIONING_SYSTEM = "apple-generic";
				VERSION_INFO_PREFIX = "";
			};
			name = Debug;
		};
		02C6353021E60D3F0078257D /* Release */ = {
			isa = XCBuildConfiguration;
			buildSettings = {
				ALWAYS_SEARCH_USER_PATHS = NO;
				CLANG_ANALYZER_NONNULL = YES;
				CLANG_ANALYZER_NUMBER_OBJECT_CONVERSION = YES_AGGRESSIVE;
				CLANG_CXX_LANGUAGE_STANDARD = "gnu++14";
				CLANG_CXX_LIBRARY = "libc++";
				CLANG_ENABLE_MODULES = YES;
				CLANG_ENABLE_OBJC_ARC = YES;
				CLANG_ENABLE_OBJC_WEAK = YES;
				CLANG_WARN_BLOCK_CAPTURE_AUTORELEASING = YES;
				CLANG_WARN_BOOL_CONVERSION = YES;
				CLANG_WARN_COMMA = YES;
				CLANG_WARN_CONSTANT_CONVERSION = YES;
				CLANG_WARN_DEPRECATED_OBJC_IMPLEMENTATIONS = YES;
				CLANG_WARN_DIRECT_OBJC_ISA_USAGE = YES_ERROR;
				CLANG_WARN_DOCUMENTATION_COMMENTS = YES;
				CLANG_WARN_EMPTY_BODY = YES;
				CLANG_WARN_ENUM_CONVERSION = YES;
				CLANG_WARN_INFINITE_RECURSION = YES;
				CLANG_WARN_INT_CONVERSION = YES;
				CLANG_WARN_NON_LITERAL_NULL_CONVERSION = YES;
				CLANG_WARN_OBJC_IMPLICIT_RETAIN_SELF = YES;
				CLANG_WARN_OBJC_LITERAL_CONVERSION = YES;
				CLANG_WARN_OBJC_ROOT_CLASS = YES_ERROR;
				CLANG_WARN_RANGE_LOOP_ANALYSIS = YES;
				CLANG_WARN_STRICT_PROTOTYPES = YES;
				CLANG_WARN_SUSPICIOUS_MOVE = YES;
				CLANG_WARN_UNGUARDED_AVAILABILITY = YES_AGGRESSIVE;
				CLANG_WARN_UNREACHABLE_CODE = YES;
				CLANG_WARN__DUPLICATE_METHOD_MATCH = YES;
				CODE_SIGN_IDENTITY = "iPhone Developer";
				COPY_PHASE_STRIP = NO;
				CURRENT_PROJECT_VERSION = 1;
				DEBUG_INFORMATION_FORMAT = "dwarf-with-dsym";
				ENABLE_NS_ASSERTIONS = NO;
				ENABLE_STRICT_OBJC_MSGSEND = YES;
				GCC_C_LANGUAGE_STANDARD = gnu11;
				GCC_NO_COMMON_BLOCKS = YES;
				GCC_WARN_64_TO_32_BIT_CONVERSION = YES;
				GCC_WARN_ABOUT_RETURN_TYPE = YES_ERROR;
				GCC_WARN_UNDECLARED_SELECTOR = YES;
				GCC_WARN_UNINITIALIZED_AUTOS = YES_AGGRESSIVE;
				GCC_WARN_UNUSED_FUNCTION = YES;
				GCC_WARN_UNUSED_VARIABLE = YES;
				INFOPLIST_FILE = Sources/SupportingFiles/Info.plist;
				IPHONEOS_DEPLOYMENT_TARGET = 12.1;
				MTL_ENABLE_DEBUG_INFO = NO;
				MTL_FAST_MATH = YES;
				SDKROOT = iphoneos;
				SWIFT_COMPILATION_MODE = wholemodule;
				SWIFT_OPTIMIZATION_LEVEL = "-O";
				VALIDATE_PRODUCT = YES;
				VERSIONING_SYSTEM = "apple-generic";
				VERSION_INFO_PREFIX = "";
			};
			name = Release;
		};
		02C6353221E60D3F0078257D /* Debug */ = {
			isa = XCBuildConfiguration;
			buildSettings = {
				CODE_SIGN_IDENTITY = "";
				CODE_SIGN_STYLE = Automatic;
				DEFINES_MODULE = YES;
				DEVELOPMENT_TEAM = 2UNAYZPR4S;
				DYLIB_COMPATIBILITY_VERSION = 1;
				DYLIB_CURRENT_VERSION = 1;
				DYLIB_INSTALL_NAME_BASE = "@rpath";
				INFOPLIST_FILE = Sources/SupportingFiles/Info.plist;
				INSTALL_PATH = "$(LOCAL_LIBRARY_DIR)/Frameworks";
				LD_RUNPATH_SEARCH_PATHS = (
					"$(inherited)",
					"@executable_path/Frameworks",
					"@loader_path/Frameworks",
				);
				PRODUCT_BUNDLE_IDENTIFIER = com.github.chouheiwa.SwiftAsyncSocket;
				PRODUCT_MODULE_NAME = SwiftAsyncSocket;
				PRODUCT_NAME = SwiftAsyncSocket;
				SKIP_INSTALL = YES;
				SWIFT_VERSION = 4.2;
				TARGETED_DEVICE_FAMILY = "1,2";
			};
			name = Debug;
		};
		02C6353321E60D3F0078257D /* Release */ = {
			isa = XCBuildConfiguration;
			buildSettings = {
				CODE_SIGN_IDENTITY = "";
				CODE_SIGN_STYLE = Automatic;
				DEFINES_MODULE = YES;
				DEVELOPMENT_TEAM = 2UNAYZPR4S;
				DYLIB_COMPATIBILITY_VERSION = 1;
				DYLIB_CURRENT_VERSION = 1;
				DYLIB_INSTALL_NAME_BASE = "@rpath";
				INFOPLIST_FILE = Sources/SupportingFiles/Info.plist;
				INSTALL_PATH = "$(LOCAL_LIBRARY_DIR)/Frameworks";
				LD_RUNPATH_SEARCH_PATHS = (
					"$(inherited)",
					"@executable_path/Frameworks",
					"@loader_path/Frameworks",
				);
				PRODUCT_BUNDLE_IDENTIFIER = com.github.chouheiwa.SwiftAsyncSocket;
				PRODUCT_MODULE_NAME = SwiftAsyncSocket;
				PRODUCT_NAME = SwiftAsyncSocket;
				SKIP_INSTALL = YES;
				SWIFT_VERSION = 4.2;
				TARGETED_DEVICE_FAMILY = "1,2";
			};
			name = Release;
		};
		02C635A721E612230078257D /* Debug */ = {
			isa = XCBuildConfiguration;
			buildSettings = {
				CODE_SIGN_IDENTITY = "Mac Developer";
				CODE_SIGN_STYLE = Automatic;
				COMBINE_HIDPI_IMAGES = YES;
				DEFINES_MODULE = YES;
				DEVELOPMENT_TEAM = 2UNAYZPR4S;
				DYLIB_COMPATIBILITY_VERSION = 1;
				DYLIB_CURRENT_VERSION = 1;
				DYLIB_INSTALL_NAME_BASE = "@rpath";
				FRAMEWORK_VERSION = A;
				INFOPLIST_FILE = Sources/SupportingFiles/Info.plist;
				INSTALL_PATH = "$(LOCAL_LIBRARY_DIR)/Frameworks";
				LD_RUNPATH_SEARCH_PATHS = (
					"$(inherited)",
					"@executable_path/../Frameworks",
					"@loader_path/Frameworks",
				);
				MACOSX_DEPLOYMENT_TARGET = 10.14;
				PRODUCT_BUNDLE_IDENTIFIER = com.github.chouheiwa.SwiftAsyncSocket;
				PRODUCT_MODULE_NAME = SwiftAsyncSocket;
				PRODUCT_NAME = SwiftAsyncSocket;
				SDKROOT = macosx;
				SKIP_INSTALL = YES;
				SWIFT_VERSION = 4.2;
			};
			name = Debug;
		};
		02C635A821E612230078257D /* Release */ = {
			isa = XCBuildConfiguration;
			buildSettings = {
				CODE_SIGN_IDENTITY = "Mac Developer";
				CODE_SIGN_STYLE = Automatic;
				COMBINE_HIDPI_IMAGES = YES;
				DEFINES_MODULE = YES;
				DEVELOPMENT_TEAM = 2UNAYZPR4S;
				DYLIB_COMPATIBILITY_VERSION = 1;
				DYLIB_CURRENT_VERSION = 1;
				DYLIB_INSTALL_NAME_BASE = "@rpath";
				FRAMEWORK_VERSION = A;
				INFOPLIST_FILE = Sources/SupportingFiles/Info.plist;
				INSTALL_PATH = "$(LOCAL_LIBRARY_DIR)/Frameworks";
				LD_RUNPATH_SEARCH_PATHS = (
					"$(inherited)",
					"@executable_path/../Frameworks",
					"@loader_path/Frameworks",
				);
				MACOSX_DEPLOYMENT_TARGET = 10.14;
				PRODUCT_BUNDLE_IDENTIFIER = com.github.chouheiwa.SwiftAsyncSocket;
				PRODUCT_MODULE_NAME = SwiftAsyncSocket;
				PRODUCT_NAME = SwiftAsyncSocket;
				SDKROOT = macosx;
				SKIP_INSTALL = YES;
				SWIFT_VERSION = 4.2;
			};
			name = Release;
		};
		02C635CA21E613240078257D /* Debug */ = {
			isa = XCBuildConfiguration;
			buildSettings = {
				ALWAYS_EMBED_SWIFT_STANDARD_LIBRARIES = YES;
				CODE_SIGN_STYLE = Automatic;
				DEVELOPMENT_TEAM = 2UNAYZPR4S;
				INFOPLIST_FILE = Tests/Info.plist;
				LD_RUNPATH_SEARCH_PATHS = (
					"$(inherited)",
					"@executable_path/Frameworks",
					"@loader_path/Frameworks",
				);
				PRODUCT_BUNDLE_IDENTIFIER = com.github.chouheiwa.SwiftAsyncSocketTests;
				PRODUCT_NAME = "$(TARGET_NAME)";
				SWIFT_VERSION = 4.2;
				TARGETED_DEVICE_FAMILY = "1,2";
			};
			name = Debug;
		};
		02C635CB21E613240078257D /* Release */ = {
			isa = XCBuildConfiguration;
			buildSettings = {
				ALWAYS_EMBED_SWIFT_STANDARD_LIBRARIES = YES;
				CODE_SIGN_STYLE = Automatic;
				DEVELOPMENT_TEAM = 2UNAYZPR4S;
				INFOPLIST_FILE = Tests/Info.plist;
				LD_RUNPATH_SEARCH_PATHS = (
					"$(inherited)",
					"@executable_path/Frameworks",
					"@loader_path/Frameworks",
				);
				PRODUCT_BUNDLE_IDENTIFIER = com.github.chouheiwa.SwiftAsyncSocketTests;
				PRODUCT_NAME = "$(TARGET_NAME)";
				SWIFT_VERSION = 4.2;
				TARGETED_DEVICE_FAMILY = "1,2";
			};
			name = Release;
		};
		02C635D921E613A60078257D /* Debug */ = {
			isa = XCBuildConfiguration;
			buildSettings = {
				ALWAYS_EMBED_SWIFT_STANDARD_LIBRARIES = YES;
				CODE_SIGN_IDENTITY = "Mac Developer";
				CODE_SIGN_STYLE = Automatic;
				COMBINE_HIDPI_IMAGES = YES;
				DEVELOPMENT_TEAM = 2UNAYZPR4S;
				INFOPLIST_FILE = Tests/Info.plist;
				LD_RUNPATH_SEARCH_PATHS = (
					"$(inherited)",
					"@executable_path/../Frameworks",
					"@loader_path/../Frameworks",
				);
				MACOSX_DEPLOYMENT_TARGET = 10.14;
				PRODUCT_BUNDLE_IDENTIFIER = com.github.chouheiwa.SwiftAsyncSocketTests;
				PRODUCT_NAME = "$(TARGET_NAME)";
				SDKROOT = macosx;
				SWIFT_VERSION = 4.2;
			};
			name = Debug;
		};
		02C635DA21E613A60078257D /* Release */ = {
			isa = XCBuildConfiguration;
			buildSettings = {
				ALWAYS_EMBED_SWIFT_STANDARD_LIBRARIES = YES;
				CODE_SIGN_IDENTITY = "Mac Developer";
				CODE_SIGN_STYLE = Automatic;
				COMBINE_HIDPI_IMAGES = YES;
				DEVELOPMENT_TEAM = 2UNAYZPR4S;
				INFOPLIST_FILE = Tests/Info.plist;
				LD_RUNPATH_SEARCH_PATHS = (
					"$(inherited)",
					"@executable_path/../Frameworks",
					"@loader_path/../Frameworks",
				);
				MACOSX_DEPLOYMENT_TARGET = 10.14;
				PRODUCT_BUNDLE_IDENTIFIER = com.github.chouheiwa.SwiftAsyncSocketTests;
				PRODUCT_NAME = "$(TARGET_NAME)";
				SDKROOT = macosx;
				SWIFT_VERSION = 4.2;
			};
			name = Release;
		};
/* End XCBuildConfiguration section */

/* Begin XCConfigurationList section */
		02C6352321E60D3F0078257D /* Build configuration list for PBXProject "SwiftAsyncSocket" */ = {
			isa = XCConfigurationList;
			buildConfigurations = (
				02C6352F21E60D3F0078257D /* Debug */,
				02C6353021E60D3F0078257D /* Release */,
			);
			defaultConfigurationIsVisible = 0;
			defaultConfigurationName = Release;
		};
		02C6353121E60D3F0078257D /* Build configuration list for PBXNativeTarget "SwiftAsyncSocket iOS" */ = {
			isa = XCConfigurationList;
			buildConfigurations = (
				02C6353221E60D3F0078257D /* Debug */,
				02C6353321E60D3F0078257D /* Release */,
			);
			defaultConfigurationIsVisible = 0;
			defaultConfigurationName = Release;
		};
		02C635A621E612230078257D /* Build configuration list for PBXNativeTarget "SwiftAsyncSocket MacOS" */ = {
			isa = XCConfigurationList;
			buildConfigurations = (
				02C635A721E612230078257D /* Debug */,
				02C635A821E612230078257D /* Release */,
			);
			defaultConfigurationIsVisible = 0;
			defaultConfigurationName = Release;
		};
		02C635C921E613240078257D /* Build configuration list for PBXNativeTarget "SwiftAsyncSocketTests iOS" */ = {
			isa = XCConfigurationList;
			buildConfigurations = (
				02C635CA21E613240078257D /* Debug */,
				02C635CB21E613240078257D /* Release */,
			);
			defaultConfigurationIsVisible = 0;
			defaultConfigurationName = Release;
		};
		02C635D821E613A60078257D /* Build configuration list for PBXNativeTarget "SwiftAsyncSocketTests MacOS" */ = {
			isa = XCConfigurationList;
			buildConfigurations = (
				02C635D921E613A60078257D /* Debug */,
				02C635DA21E613A60078257D /* Release */,
			);
			defaultConfigurationIsVisible = 0;
			defaultConfigurationName = Release;
		};
/* End XCConfigurationList section */
	};
	rootObject = 02C6352021E60D3F0078257D /* Project object */;
}
